// !$*UTF8*$!
{
	archiveVersion = 1;
	classes = {
	};
	objectVersion = 50;
	objects = {

/* Begin PBXBuildFile section */
		BE2F95D22588CCF5004DC436 /* HealthKit.framework in Frameworks */ = {isa = PBXBuildFile; fileRef = BE2F95D12588CCF5004DC436 /* HealthKit.framework */; };
		BE2F95D42588CD1A004DC436 /* HealthKitUI.framework in Frameworks */ = {isa = PBXBuildFile; fileRef = BE2F95D32588CD1A004DC436 /* HealthKitUI.framework */; };
		BE7F337C2580D07E0027620D /* AppDelegate.swift in Sources */ = {isa = PBXBuildFile; fileRef = BE7F337B2580D07E0027620D /* AppDelegate.swift */; };
		BE7F337E2580D07E0027620D /* SceneDelegate.swift in Sources */ = {isa = PBXBuildFile; fileRef = BE7F337D2580D07E0027620D /* SceneDelegate.swift */; };
		BE7F33802580D07E0027620D /* ViewController.swift in Sources */ = {isa = PBXBuildFile; fileRef = BE7F337F2580D07E0027620D /* ViewController.swift */; };
		BE7F33832580D07E0027620D /* Main.storyboard in Resources */ = {isa = PBXBuildFile; fileRef = BE7F33812580D07E0027620D /* Main.storyboard */; };
		BE7F33852580D0810027620D /* Assets.xcassets in Resources */ = {isa = PBXBuildFile; fileRef = BE7F33842580D0810027620D /* Assets.xcassets */; };
		BE7F33882580D0810027620D /* LaunchScreen.storyboard in Resources */ = {isa = PBXBuildFile; fileRef = BE7F33862580D0810027620D /* LaunchScreen.storyboard */; };
		BE7F33932580D0810027620D /* ppppppTests.swift in Sources */ = {isa = PBXBuildFile; fileRef = BE7F33922580D0810027620D /* ppppppTests.swift */; };
		BE7F339E2580D0820027620D /* ppppppUITests.swift in Sources */ = {isa = PBXBuildFile; fileRef = BE7F339D2580D0820027620D /* ppppppUITests.swift */; };
/* End PBXBuildFile section */

/* Begin PBXContainerItemProxy section */
		BE7F338F2580D0810027620D /* PBXContainerItemProxy */ = {
			isa = PBXContainerItemProxy;
			containerPortal = BE7F33702580D07E0027620D /* Project object */;
			proxyType = 1;
			remoteGlobalIDString = BE7F33772580D07E0027620D;
			remoteInfo = pppppp;
		};
		BE7F339A2580D0810027620D /* PBXContainerItemProxy */ = {
			isa = PBXContainerItemProxy;
			containerPortal = BE7F33702580D07E0027620D /* Project object */;
			proxyType = 1;
			remoteGlobalIDString = BE7F33772580D07E0027620D;
			remoteInfo = pppppp;
		};
/* End PBXContainerItemProxy section */

/* Begin PBXFileReference section */
		BE2F95CF2588CCF5004DC436 /* pppppp.entitlements */ = {isa = PBXFileReference; lastKnownFileType = text.plist.entitlements; path = pppppp.entitlements; sourceTree = "<group>"; };
		BE2F95D12588CCF5004DC436 /* HealthKit.framework */ = {isa = PBXFileReference; lastKnownFileType = wrapper.framework; name = HealthKit.framework; path = System/Library/Frameworks/HealthKit.framework; sourceTree = SDKROOT; };
		BE2F95D32588CD1A004DC436 /* HealthKitUI.framework */ = {isa = PBXFileReference; lastKnownFileType = wrapper.framework; name = HealthKitUI.framework; path = System/Library/Frameworks/HealthKitUI.framework; sourceTree = SDKROOT; };
		BE7F33782580D07E0027620D /* pppppp.app */ = {isa = PBXFileReference; explicitFileType = wrapper.application; includeInIndex = 0; path = pppppp.app; sourceTree = BUILT_PRODUCTS_DIR; };
		BE7F337B2580D07E0027620D /* AppDelegate.swift */ = {isa = PBXFileReference; lastKnownFileType = sourcecode.swift; path = AppDelegate.swift; sourceTree = "<group>"; };
		BE7F337D2580D07E0027620D /* SceneDelegate.swift */ = {isa = PBXFileReference; lastKnownFileType = sourcecode.swift; path = SceneDelegate.swift; sourceTree = "<group>"; };
		BE7F337F2580D07E0027620D /* ViewController.swift */ = {isa = PBXFileReference; lastKnownFileType = sourcecode.swift; path = ViewController.swift; sourceTree = "<group>"; };
		BE7F33822580D07E0027620D /* Base */ = {isa = PBXFileReference; lastKnownFileType = file.storyboard; name = Base; path = Base.lproj/Main.storyboard; sourceTree = "<group>"; };
		BE7F33842580D0810027620D /* Assets.xcassets */ = {isa = PBXFileReference; lastKnownFileType = folder.assetcatalog; path = Assets.xcassets; sourceTree = "<group>"; };
		BE7F33872580D0810027620D /* Base */ = {isa = PBXFileReference; lastKnownFileType = file.storyboard; name = Base; path = Base.lproj/LaunchScreen.storyboard; sourceTree = "<group>"; };
		BE7F33892580D0810027620D /* Info.plist */ = {isa = PBXFileReference; lastKnownFileType = text.plist.xml; path = Info.plist; sourceTree = "<group>"; };
		BE7F338E2580D0810027620D /* ppppppTests.xctest */ = {isa = PBXFileReference; explicitFileType = wrapper.cfbundle; includeInIndex = 0; path = ppppppTests.xctest; sourceTree = BUILT_PRODUCTS_DIR; };
		BE7F33922580D0810027620D /* ppppppTests.swift */ = {isa = PBXFileReference; lastKnownFileType = sourcecode.swift; path = ppppppTests.swift; sourceTree = "<group>"; };
		BE7F33942580D0810027620D /* Info.plist */ = {isa = PBXFileReference; lastKnownFileType = text.plist.xml; path = Info.plist; sourceTree = "<group>"; };
		BE7F33992580D0810027620D /* ppppppUITests.xctest */ = {isa = PBXFileReference; explicitFileType = wrapper.cfbundle; includeInIndex = 0; path = ppppppUITests.xctest; sourceTree = BUILT_PRODUCTS_DIR; };
		BE7F339D2580D0820027620D /* ppppppUITests.swift */ = {isa = PBXFileReference; lastKnownFileType = sourcecode.swift; path = ppppppUITests.swift; sourceTree = "<group>"; };
		BE7F339F2580D0820027620D /* Info.plist */ = {isa = PBXFileReference; lastKnownFileType = text.plist.xml; path = Info.plist; sourceTree = "<group>"; };
		BE845005258A0DCA0035BE20 /* ppppppDebug.entitlements */ = {isa = PBXFileReference; lastKnownFileType = text.plist.entitlements; path = ppppppDebug.entitlements; sourceTree = "<group>"; };
/* End PBXFileReference section */

/* Begin PBXFrameworksBuildPhase section */
		BE7F33752580D07E0027620D /* Frameworks */ = {
			isa = PBXFrameworksBuildPhase;
			buildActionMask = 2147483647;
			files = (
				BE2F95D22588CCF5004DC436 /* HealthKit.framework in Frameworks */,
				BE2F95D42588CD1A004DC436 /* HealthKitUI.framework in Frameworks */,
			);
			runOnlyForDeploymentPostprocessing = 0;
		};
		BE7F338B2580D0810027620D /* Frameworks */ = {
			isa = PBXFrameworksBuildPhase;
			buildActionMask = 2147483647;
			files = (
			);
			runOnlyForDeploymentPostprocessing = 0;
		};
		BE7F33962580D0810027620D /* Frameworks */ = {
			isa = PBXFrameworksBuildPhase;
			buildActionMask = 2147483647;
			files = (
			);
			runOnlyForDeploymentPostprocessing = 0;
		};
/* End PBXFrameworksBuildPhase section */

/* Begin PBXGroup section */
		BE2F95D02588CCF5004DC436 /* Frameworks */ = {
			isa = PBXGroup;
			children = (
				BE2F95D32588CD1A004DC436 /* HealthKitUI.framework */,
				BE2F95D12588CCF5004DC436 /* HealthKit.framework */,
			);
			name = Frameworks;
			sourceTree = "<group>";
		};
		BE7F336F2580D07E0027620D = {
			isa = PBXGroup;
			children = (
				BE7F337A2580D07E0027620D /* pppppp */,
				BE7F33912580D0810027620D /* ppppppTests */,
				BE7F339C2580D0820027620D /* ppppppUITests */,
				BE7F33792580D07E0027620D /* Products */,
				BE2F95D02588CCF5004DC436 /* Frameworks */,
			);
			sourceTree = "<group>";
		};
		BE7F33792580D07E0027620D /* Products */ = {
			isa = PBXGroup;
			children = (
				BE7F33782580D07E0027620D /* pppppp.app */,
				BE7F338E2580D0810027620D /* ppppppTests.xctest */,
				BE7F33992580D0810027620D /* ppppppUITests.xctest */,
			);
			name = Products;
			sourceTree = "<group>";
		};
		BE7F337A2580D07E0027620D /* pppppp */ = {
			isa = PBXGroup;
			children = (
				BE845005258A0DCA0035BE20 /* ppppppDebug.entitlements */,
				BE2F95CF2588CCF5004DC436 /* pppppp.entitlements */,
				BE7F337B2580D07E0027620D /* AppDelegate.swift */,
				BE7F337D2580D07E0027620D /* SceneDelegate.swift */,
				BE7F337F2580D07E0027620D /* ViewController.swift */,
				BE7F33812580D07E0027620D /* Main.storyboard */,
				BE7F33842580D0810027620D /* Assets.xcassets */,
				BE7F33862580D0810027620D /* LaunchScreen.storyboard */,
				BE7F33892580D0810027620D /* Info.plist */,
			);
			path = pppppp;
			sourceTree = "<group>";
		};
		BE7F33912580D0810027620D /* ppppppTests */ = {
			isa = PBXGroup;
			children = (
				BE7F33922580D0810027620D /* ppppppTests.swift */,
				BE7F33942580D0810027620D /* Info.plist */,
			);
			path = ppppppTests;
			sourceTree = "<group>";
		};
		BE7F339C2580D0820027620D /* ppppppUITests */ = {
			isa = PBXGroup;
			children = (
				BE7F339D2580D0820027620D /* ppppppUITests.swift */,
				BE7F339F2580D0820027620D /* Info.plist */,
			);
			path = ppppppUITests;
			sourceTree = "<group>";
		};
/* End PBXGroup section */

/* Begin PBXNativeTarget section */
		BE7F33772580D07E0027620D /* pppppp */ = {
			isa = PBXNativeTarget;
			buildConfigurationList = BE7F33A22580D0820027620D /* Build configuration list for PBXNativeTarget "pppppp" */;
			buildPhases = (
				BE7F33742580D07E0027620D /* Sources */,
				BE7F33752580D07E0027620D /* Frameworks */,
				BE7F33762580D07E0027620D /* Resources */,
			);
			buildRules = (
			);
			dependencies = (
			);
			name = pppppp;
			productName = pppppp;
			productReference = BE7F33782580D07E0027620D /* pppppp.app */;
			productType = "com.apple.product-type.application";
		};
		BE7F338D2580D0810027620D /* ppppppTests */ = {
			isa = PBXNativeTarget;
			buildConfigurationList = BE7F33A52580D0820027620D /* Build configuration list for PBXNativeTarget "ppppppTests" */;
			buildPhases = (
				BE7F338A2580D0810027620D /* Sources */,
				BE7F338B2580D0810027620D /* Frameworks */,
				BE7F338C2580D0810027620D /* Resources */,
			);
			buildRules = (
			);
			dependencies = (
				BE7F33902580D0810027620D /* PBXTargetDependency */,
			);
			name = ppppppTests;
			productName = ppppppTests;
			productReference = BE7F338E2580D0810027620D /* ppppppTests.xctest */;
			productType = "com.apple.product-type.bundle.unit-test";
		};
		BE7F33982580D0810027620D /* ppppppUITests */ = {
			isa = PBXNativeTarget;
			buildConfigurationList = BE7F33A82580D0820027620D /* Build configuration list for PBXNativeTarget "ppppppUITests" */;
			buildPhases = (
				BE7F33952580D0810027620D /* Sources */,
				BE7F33962580D0810027620D /* Frameworks */,
				BE7F33972580D0810027620D /* Resources */,
			);
			buildRules = (
			);
			dependencies = (
				BE7F339B2580D0810027620D /* PBXTargetDependency */,
			);
			name = ppppppUITests;
			productName = ppppppUITests;
			productReference = BE7F33992580D0810027620D /* ppppppUITests.xctest */;
			productType = "com.apple.product-type.bundle.ui-testing";
		};
/* End PBXNativeTarget section */

/* Begin PBXProject section */
		BE7F33702580D07E0027620D /* Project object */ = {
			isa = PBXProject;
			attributes = {
				LastSwiftUpdateCheck = 1220;
				LastUpgradeCheck = 1220;
				TargetAttributes = {
					BE7F33772580D07E0027620D = {
						CreatedOnToolsVersion = 12.2;
					};
					BE7F338D2580D0810027620D = {
						CreatedOnToolsVersion = 12.2;
						TestTargetID = BE7F33772580D07E0027620D;
					};
					BE7F33982580D0810027620D = {
						CreatedOnToolsVersion = 12.2;
						TestTargetID = BE7F33772580D07E0027620D;
					};
				};
			};
			buildConfigurationList = BE7F33732580D07E0027620D /* Build configuration list for PBXProject "pppppp" */;
			compatibilityVersion = "Xcode 9.3";
			developmentRegion = en;
			hasScannedForEncodings = 0;
			knownRegions = (
				en,
				Base,
			);
			mainGroup = BE7F336F2580D07E0027620D;
			productRefGroup = BE7F33792580D07E0027620D /* Products */;
			projectDirPath = "";
			projectRoot = "";
			targets = (
				BE7F33772580D07E0027620D /* pppppp */,
				BE7F338D2580D0810027620D /* ppppppTests */,
				BE7F33982580D0810027620D /* ppppppUITests */,
			);
		};
/* End PBXProject section */

/* Begin PBXResourcesBuildPhase section */
		BE7F33762580D07E0027620D /* Resources */ = {
			isa = PBXResourcesBuildPhase;
			buildActionMask = 2147483647;
			files = (
				BE7F33882580D0810027620D /* LaunchScreen.storyboard in Resources */,
				BE7F33852580D0810027620D /* Assets.xcassets in Resources */,
				BE7F33832580D07E0027620D /* Main.storyboard in Resources */,
			);
			runOnlyForDeploymentPostprocessing = 0;
		};
		BE7F338C2580D0810027620D /* Resources */ = {
			isa = PBXResourcesBuildPhase;
			buildActionMask = 2147483647;
			files = (
			);
			runOnlyForDeploymentPostprocessing = 0;
		};
		BE7F33972580D0810027620D /* Resources */ = {
			isa = PBXResourcesBuildPhase;
			buildActionMask = 2147483647;
			files = (
			);
			runOnlyForDeploymentPostprocessing = 0;
		};
/* End PBXResourcesBuildPhase section */

/* Begin PBXSourcesBuildPhase section */
		BE7F33742580D07E0027620D /* Sources */ = {
			isa = PBXSourcesBuildPhase;
			buildActionMask = 2147483647;
			files = (
				BE7F33802580D07E0027620D /* ViewController.swift in Sources */,
				BE7F337C2580D07E0027620D /* AppDelegate.swift in Sources */,
				BE7F337E2580D07E0027620D /* SceneDelegate.swift in Sources */,
			);
			runOnlyForDeploymentPostprocessing = 0;
		};
		BE7F338A2580D0810027620D /* Sources */ = {
			isa = PBXSourcesBuildPhase;
			buildActionMask = 2147483647;
			files = (
				BE7F33932580D0810027620D /* ppppppTests.swift in Sources */,
			);
			runOnlyForDeploymentPostprocessing = 0;
		};
		BE7F33952580D0810027620D /* Sources */ = {
			isa = PBXSourcesBuildPhase;
			buildActionMask = 2147483647;
			files = (
				BE7F339E2580D0820027620D /* ppppppUITests.swift in Sources */,
			);
			runOnlyForDeploymentPostprocessing = 0;
		};
/* End PBXSourcesBuildPhase section */

/* Begin PBXTargetDependency section */
		BE7F33902580D0810027620D /* PBXTargetDependency */ = {
			isa = PBXTargetDependency;
			target = BE7F33772580D07E0027620D /* pppppp */;
			targetProxy = BE7F338F2580D0810027620D /* PBXContainerItemProxy */;
		};
		BE7F339B2580D0810027620D /* PBXTargetDependency */ = {
			isa = PBXTargetDependency;
			target = BE7F33772580D07E0027620D /* pppppp */;
			targetProxy = BE7F339A2580D0810027620D /* PBXContainerItemProxy */;
		};
/* End PBXTargetDependency section */

/* Begin PBXVariantGroup section */
		BE7F33812580D07E0027620D /* Main.storyboard */ = {
			isa = PBXVariantGroup;
			children = (
				BE7F33822580D07E0027620D /* Base */,
			);
			name = Main.storyboard;
			sourceTree = "<group>";
		};
		BE7F33862580D0810027620D /* LaunchScreen.storyboard */ = {
			isa = PBXVariantGroup;
			children = (
				BE7F33872580D0810027620D /* Base */,
			);
			name = LaunchScreen.storyboard;
			sourceTree = "<group>";
		};
/* End PBXVariantGroup section */

/* Begin XCBuildConfiguration section */
		BE7F33A02580D0820027620D /* Debug */ = {
			isa = XCBuildConfiguration;
			buildSettings = {
				ALWAYS_SEARCH_USER_PATHS = NO;
				CLANG_ANALYZER_NONNULL = YES;
				CLANG_ANALYZER_NUMBER_OBJECT_CONVERSION = YES_AGGRESSIVE;
				CLANG_CXX_LANGUAGE_STANDARD = "gnu++14";
				CLANG_CXX_LIBRARY = "libc++";
				CLANG_ENABLE_MODULES = YES;
				CLANG_ENABLE_OBJC_ARC = YES;
				CLANG_ENABLE_OBJC_WEAK = YES;
				CLANG_WARN_BLOCK_CAPTURE_AUTORELEASING = YES;
				CLANG_WARN_BOOL_CONVERSION = YES;
				CLANG_WARN_COMMA = YES;
				CLANG_WARN_CONSTANT_CONVERSION = YES;
				CLANG_WARN_DEPRECATED_OBJC_IMPLEMENTATIONS = YES;
				CLANG_WARN_DIRECT_OBJC_ISA_USAGE = YES_ERROR;
				CLANG_WARN_DOCUMENTATION_COMMENTS = YES;
				CLANG_WARN_EMPTY_BODY = YES;
				CLANG_WARN_ENUM_CONVERSION = YES;
				CLANG_WARN_INFINITE_RECURSION = YES;
				CLANG_WARN_INT_CONVERSION = YES;
				CLANG_WARN_NON_LITERAL_NULL_CONVERSION = YES;
				CLANG_WARN_OBJC_IMPLICIT_RETAIN_SELF = YES;
				CLANG_WARN_OBJC_LITERAL_CONVERSION = YES;
				CLANG_WARN_OBJC_ROOT_CLASS = YES_ERROR;
				CLANG_WARN_QUOTED_INCLUDE_IN_FRAMEWORK_HEADER = YES;
				CLANG_WARN_RANGE_LOOP_ANALYSIS = YES;
				CLANG_WARN_STRICT_PROTOTYPES = YES;
				CLANG_WARN_SUSPICIOUS_MOVE = YES;
				CLANG_WARN_UNGUARDED_AVAILABILITY = YES_AGGRESSIVE;
				CLANG_WARN_UNREACHABLE_CODE = YES;
				CLANG_WARN__DUPLICATE_METHOD_MATCH = YES;
				COPY_PHASE_STRIP = NO;
				DEBUG_INFORMATION_FORMAT = dwarf;
				ENABLE_STRICT_OBJC_MSGSEND = YES;
				ENABLE_TESTABILITY = YES;
				GCC_C_LANGUAGE_STANDARD = gnu11;
				GCC_DYNAMIC_NO_PIC = NO;
				GCC_NO_COMMON_BLOCKS = YES;
				GCC_OPTIMIZATION_LEVEL = 0;
				GCC_PREPROCESSOR_DEFINITIONS = (
					"DEBUG=1",
					"$(inherited)",
				);
				GCC_WARN_64_TO_32_BIT_CONVERSION = YES;
				GCC_WARN_ABOUT_RETURN_TYPE = YES_ERROR;
				GCC_WARN_UNDECLARED_SELECTOR = YES;
				GCC_WARN_UNINITIALIZED_AUTOS = YES_AGGRESSIVE;
				GCC_WARN_UNUSED_FUNCTION = YES;
				GCC_WARN_UNUSED_VARIABLE = YES;
				IPHONEOS_DEPLOYMENT_TARGET = 14.2;
				MTL_ENABLE_DEBUG_INFO = INCLUDE_SOURCE;
				MTL_FAST_MATH = YES;
				ONLY_ACTIVE_ARCH = YES;
				SDKROOT = iphoneos;
				SWIFT_ACTIVE_COMPILATION_CONDITIONS = DEBUG;
				SWIFT_OPTIMIZATION_LEVEL = "-Onone";
			};
			name = Debug;
		};
		BE7F33A12580D0820027620D /* Release */ = {
			isa = XCBuildConfiguration;
			buildSettings = {
				ALWAYS_SEARCH_USER_PATHS = NO;
				CLANG_ANALYZER_NONNULL = YES;
				CLANG_ANALYZER_NUMBER_OBJECT_CONVERSION = YES_AGGRESSIVE;
				CLANG_CXX_LANGUAGE_STANDARD = "gnu++14";
				CLANG_CXX_LIBRARY = "libc++";
				CLANG_ENABLE_MODULES = YES;
				CLANG_ENABLE_OBJC_ARC = YES;
				CLANG_ENABLE_OBJC_WEAK = YES;
				CLANG_WARN_BLOCK_CAPTURE_AUTORELEASING = YES;
				CLANG_WARN_BOOL_CONVERSION = YES;
				CLANG_WARN_COMMA = YES;
				CLANG_WARN_CONSTANT_CONVERSION = YES;
				CLANG_WARN_DEPRECATED_OBJC_IMPLEMENTATIONS = YES;
				CLANG_WARN_DIRECT_OBJC_ISA_USAGE = YES_ERROR;
				CLANG_WARN_DOCUMENTATION_COMMENTS = YES;
				CLANG_WARN_EMPTY_BODY = YES;
				CLANG_WARN_ENUM_CONVERSION = YES;
				CLANG_WARN_INFINITE_RECURSION = YES;
				CLANG_WARN_INT_CONVERSION = YES;
				CLANG_WARN_NON_LITERAL_NULL_CONVERSION = YES;
				CLANG_WARN_OBJC_IMPLICIT_RETAIN_SELF = YES;
				CLANG_WARN_OBJC_LITERAL_CONVERSION = YES;
				CLANG_WARN_OBJC_ROOT_CLASS = YES_ERROR;
				CLANG_WARN_QUOTED_INCLUDE_IN_FRAMEWORK_HEADER = YES;
				CLANG_WARN_RANGE_LOOP_ANALYSIS = YES;
				CLANG_WARN_STRICT_PROTOTYPES = YES;
				CLANG_WARN_SUSPICIOUS_MOVE = YES;
				CLANG_WARN_UNGUARDED_AVAILABILITY = YES_AGGRESSIVE;
				CLANG_WARN_UNREACHABLE_CODE = YES;
				CLANG_WARN__DUPLICATE_METHOD_MATCH = YES;
				COPY_PHASE_STRIP = NO;
				DEBUG_INFORMATION_FORMAT = "dwarf-with-dsym";
				ENABLE_NS_ASSERTIONS = NO;
				ENABLE_STRICT_OBJC_MSGSEND = YES;
				GCC_C_LANGUAGE_STANDARD = gnu11;
				GCC_NO_COMMON_BLOCKS = YES;
				GCC_WARN_64_TO_32_BIT_CONVERSION = YES;
				GCC_WARN_ABOUT_RETURN_TYPE = YES_ERROR;
				GCC_WARN_UNDECLARED_SELECTOR = YES;
				GCC_WARN_UNINITIALIZED_AUTOS = YES_AGGRESSIVE;
				GCC_WARN_UNUSED_FUNCTION = YES;
				GCC_WARN_UNUSED_VARIABLE = YES;
				IPHONEOS_DEPLOYMENT_TARGET = 14.2;
				MTL_ENABLE_DEBUG_INFO = NO;
				MTL_FAST_MATH = YES;
				SDKROOT = iphoneos;
				SWIFT_COMPILATION_MODE = wholemodule;
				SWIFT_OPTIMIZATION_LEVEL = "-O";
				VALIDATE_PRODUCT = YES;
			};
			name = Release;
		};
		BE7F33A32580D0820027620D /* Debug */ = {
			isa = XCBuildConfiguration;
			buildSettings = {
				ASSETCATALOG_COMPILER_APPICON_NAME = AppIcon;
				ASSETCATALOG_COMPILER_GLOBAL_ACCENT_COLOR_NAME = AccentColor;
				CODE_SIGN_ENTITLEMENTS = pppppp/ppppppDebug.entitlements;
				CODE_SIGN_STYLE = Automatic;
				DEVELOPMENT_TEAM = DYJGPBK54C;
				INFOPLIST_FILE = pppppp/Info.plist;
				LD_RUNPATH_SEARCH_PATHS = (
					"$(inherited)",
					"@executable_path/Frameworks",
				);
				PRODUCT_BUNDLE_IDENTIFIER = app.masuda.hinata.pppppp;
				PRODUCT_NAME = "$(TARGET_NAME)";
				SWIFT_VERSION = 5.0;
				TARGETED_DEVICE_FAMILY = "1,2";
			};
			name = Debug;
		};
		BE7F33A42580D0820027620D /* Release */ = {
			isa = XCBuildConfiguration;
			buildSettings = {
				ASSETCATALOG_COMPILER_APPICON_NAME = AppIcon;
				ASSETCATALOG_COMPILER_GLOBAL_ACCENT_COLOR_NAME = AccentColor;
				CODE_SIGN_ENTITLEMENTS = pppppp/pppppp.entitlements;
				CODE_SIGN_STYLE = Automatic;
				DEVELOPMENT_TEAM = 6G7T42VLF7;
				INFOPLIST_FILE = pppppp/Info.plist;
				LD_RUNPATH_SEARCH_PATHS = (
					"$(inherited)",
					"@executable_path/Frameworks",
				);
				PRODUCT_BUNDLE_IDENTIFIER = app.masuda.hinata.pppppp;
				PRODUCT_NAME = "$(TARGET_NAME)";
				SWIFT_VERSION = 5.0;
				TARGETED_DEVICE_FAMILY = "1,2";
			};
			name = Release;
		};
		BE7F33A62580D0820027620D /* Debug */ = {
			isa = XCBuildConfiguration;
			buildSettings = {
				ALWAYS_EMBED_SWIFT_STANDARD_LIBRARIES = YES;
				BUNDLE_LOADER = "$(TEST_HOST)";
				CODE_SIGN_STYLE = Automatic;
				INFOPLIST_FILE = ppppppTests/Info.plist;
				IPHONEOS_DEPLOYMENT_TARGET = 14.2;
				LD_RUNPATH_SEARCH_PATHS = (
					"$(inherited)",
					"@executable_path/Frameworks",
					"@loader_path/Frameworks",
				);
				PRODUCT_BUNDLE_IDENTIFIER = app.masuda.hinata.ppppppTests;
				PRODUCT_NAME = "$(TARGET_NAME)";
				SWIFT_VERSION = 5.0;
				TARGETED_DEVICE_FAMILY = "1,2";
				TEST_HOST = "$(BUILT_PRODUCTS_DIR)/pppppp.app/pppppp";
			};
			name = Debug;
		};
		BE7F33A72580D0820027620D /* Release */ = {
			isa = XCBuildConfiguration;
			buildSettings = {
				ALWAYS_EMBED_SWIFT_STANDARD_LIBRARIES = YES;
				BUNDLE_LOADER = "$(TEST_HOST)";
				CODE_SIGN_STYLE = Automatic;
				INFOPLIST_FILE = ppppppTests/Info.plist;
				IPHONEOS_DEPLOYMENT_TARGET = 14.2;
				LD_RUNPATH_SEARCH_PATHS = (
					"$(inherited)",
					"@executable_path/Frameworks",
					"@loader_path/Frameworks",
				);
				PRODUCT_BUNDLE_IDENTIFIER = app.masuda.hinata.ppppppTests;
				PRODUCT_NAME = "$(TARGET_NAME)";
				SWIFT_VERSION = 5.0;
				TARGETED_DEVICE_FAMILY = "1,2";
				TEST_HOST = "$(BUILT_PRODUCTS_DIR)/pppppp.app/pppppp";
			};
			name = Release;
		};
		BE7F33A92580D0820027620D /* Debug */ = {
			isa = XCBuildConfiguration;
			buildSettings = {
				ALWAYS_EMBED_SWIFT_STANDARD_LIBRARIES = YES;
				CODE_SIGN_STYLE = Automatic;
				INFOPLIST_FILE = ppppppUITests/Info.plist;
				LD_RUNPATH_SEARCH_PATHS = (
					"$(inherited)",
					"@executable_path/Frameworks",
					"@loader_path/Frameworks",
				);
				PRODUCT_BUNDLE_IDENTIFIER = app.masuda.hinata.ppppppUITests;
				PRODUCT_NAME = "$(TARGET_NAME)";
				SWIFT_VERSION = 5.0;
				TARGETED_DEVICE_FAMILY = "1,2";
				TEST_TARGET_NAME = pppppp;
			};
			name = Debug;
		};
		BE7F33AA2580D0820027620D /* Release */ = {
			isa = XCBuildConfiguration;
			buildSettings = {
				ALWAYS_EMBED_SWIFT_STANDARD_LIBRARIES = YES;
				CODE_SIGN_STYLE = Automatic;
				INFOPLIST_FILE = ppppppUITests/Info.plist;
				LD_RUNPATH_SEARCH_PATHS = (
					"$(inherited)",
					"@executable_path/Frameworks",
					"@loader_path/Frameworks",
				);
				PRODUCT_BUNDLE_IDENTIFIER = app.masuda.hinata.ppppppUITests;
				PRODUCT_NAME = "$(TARGET_NAME)";
				SWIFT_VERSION = 5.0;
				TARGETED_DEVICE_FAMILY = "1,2";
				TEST_TARGET_NAME = pppppp;
			};
			name = Release;
		};
/* End XCBuildConfiguration section */

/* Begin XCConfigurationList section */
		BE7F33732580D07E0027620D /* Build configuration list for PBXProject "pppppp" */ = {
			isa = XCConfigurationList;
			buildConfigurations = (
				BE7F33A02580D0820027620D /* Debug */,
				BE7F33A12580D0820027620D /* Release */,
			);
			defaultConfigurationIsVisible = 0;
			defaultConfigurationName = Release;
		};
		BE7F33A22580D0820027620D /* Build configuration list for PBXNativeTarget "pppppp" */ = {
			isa = XCConfigurationList;
			buildConfigurations = (
				BE7F33A32580D0820027620D /* Debug */,
				BE7F33A42580D0820027620D /* Release */,
			);
			defaultConfigurationIsVisible = 0;
			defaultConfigurationName = Release;
		};
		BE7F33A52580D0820027620D /* Build configuration list for PBXNativeTarget "ppppppTests" */ = {
			isa = XCConfigurationList;
			buildConfigurations = (
				BE7F33A62580D0820027620D /* Debug */,
				BE7F33A72580D0820027620D /* Release */,
			);
			defaultConfigurationIsVisible = 0;
			defaultConfigurationName = Release;
		};
		BE7F33A82580D0820027620D /* Build configuration list for PBXNativeTarget "ppppppUITests" */ = {
			isa = XCConfigurationList;
			buildConfigurations = (
				BE7F33A92580D0820027620D /* Debug */,
				BE7F33AA2580D0820027620D /* Release */,
			);
			defaultConfigurationIsVisible = 0;
			defaultConfigurationName = Release;
		};
/* End XCConfigurationList section */
	};
	rootObject = BE7F33702580D07E0027620D /* Project object */;
}
