// !$*UTF8*$!
{
	archiveVersion = 1;
	classes = {
	};
	objectVersion = 52;
	objects = {

/* Begin PBXBuildFile section */
		9C1A900C283506D5004B4100 /* FriendListViewController.swift in Sources */ = {isa = PBXBuildFile; fileRef = 9C1A900B283506D5004B4100 /* FriendListViewController.swift */; };
		9CAA88EC26B1918B005517D5 /* LoginViewController.swift in Sources */ = {isa = PBXBuildFile; fileRef = 9CAA88EB26B1918B005517D5 /* LoginViewController.swift */; };
		9CAA892B26BAA0EE005517D5 /* KeychainAccess in Frameworks */ = {isa = PBXBuildFile; productRef = 9CAA892A26BAA0EE005517D5 /* KeychainAccess */; };
		9CEB8D442823793B00C56E75 /* AppIcon.appiconset in Resources */ = {isa = PBXBuildFile; fileRef = 9CEB8D432823793B00C56E75 /* AppIcon.appiconset */; };
		9CF0089827D8C5430072F6EC /* SettingViewController.swift in Sources */ = {isa = PBXBuildFile; fileRef = 9CF0089727D8C5430072F6EC /* SettingViewController.swift */; };
		BE0878EC26551BC2007CA984 /* post.swift in Sources */ = {isa = PBXBuildFile; fileRef = BE0878EB26551BC2007CA984 /* post.swift */; };
		BE0BF72725B5C734005646AE /* HealthKit.framework in Frameworks */ = {isa = PBXBuildFile; fileRef = BE2F95D12588CCF5004DC436 /* HealthKit.framework */; };
		BE0BF72825B5C73A005646AE /* HealthKitUI.framework in Frameworks */ = {isa = PBXBuildFile; fileRef = BE2F95D32588CD1A004DC436 /* HealthKitUI.framework */; };
		BE7F337C2580D07E0027620D /* AppDelegate.swift in Sources */ = {isa = PBXBuildFile; fileRef = BE7F337B2580D07E0027620D /* AppDelegate.swift */; };
		BE7F337E2580D07E0027620D /* SceneDelegate.swift in Sources */ = {isa = PBXBuildFile; fileRef = BE7F337D2580D07E0027620D /* SceneDelegate.swift */; };
		BE7F33802580D07E0027620D /* ViewController.swift in Sources */ = {isa = PBXBuildFile; fileRef = BE7F337F2580D07E0027620D /* ViewController.swift */; };
		BE7F33832580D07E0027620D /* Main.storyboard in Resources */ = {isa = PBXBuildFile; fileRef = BE7F33812580D07E0027620D /* Main.storyboard */; };
		BE7F33852580D0810027620D /* Assets.xcassets in Resources */ = {isa = PBXBuildFile; fileRef = BE7F33842580D0810027620D /* Assets.xcassets */; };
		BE7F33882580D0810027620D /* LaunchScreen.storyboard in Resources */ = {isa = PBXBuildFile; fileRef = BE7F33862580D0810027620D /* LaunchScreen.storyboard */; };
		BEA64AED25D3EC040064F184 /* GoogleService-Info.plist in Resources */ = {isa = PBXBuildFile; fileRef = BEA64AEC25D3EC040064F184 /* GoogleService-Info.plist */; };
		BEA64AF125D3F1A60064F184 /* FirebaseInstallations in Frameworks */ = {isa = PBXBuildFile; productRef = BEA64AF025D3F1A60064F184 /* FirebaseInstallations */; };
		BEA64AF325D3F1A60064F184 /* FirebaseDynamicLinks in Frameworks */ = {isa = PBXBuildFile; productRef = BEA64AF225D3F1A60064F184 /* FirebaseDynamicLinks */; };
		BEA64AF525D3F1A60064F184 /* FirebaseInAppMessaging-Beta in Frameworks */ = {isa = PBXBuildFile; productRef = BEA64AF425D3F1A60064F184 /* FirebaseInAppMessaging-Beta */; };
		BEA64AF725D3F1A60064F184 /* FirebaseStorage in Frameworks */ = {isa = PBXBuildFile; productRef = BEA64AF625D3F1A60064F184 /* FirebaseStorage */; };
		BEA64AF925D3F1A60064F184 /* FirebaseAuth in Frameworks */ = {isa = PBXBuildFile; productRef = BEA64AF825D3F1A60064F184 /* FirebaseAuth */; };
		BEA64AFB25D3F1A60064F184 /* FirebaseAnalytics in Frameworks */ = {isa = PBXBuildFile; productRef = BEA64AFA25D3F1A60064F184 /* FirebaseAnalytics */; };
		BEA64AFD25D3F1A60064F184 /* FirebaseFirestoreSwift in Frameworks */ = {isa = PBXBuildFile; productRef = BEA64AFC25D3F1A60064F184 /* FirebaseFirestoreSwift */; };
		BEA64AFF25D3F1A60064F184 /* FirebaseFirestore in Frameworks */ = {isa = PBXBuildFile; productRef = BEA64AFE25D3F1A60064F184 /* FirebaseFirestore */; };
		BEA64B0125D3F1A60064F184 /* FirebaseDatabase in Frameworks */ = {isa = PBXBuildFile; productRef = BEA64B0025D3F1A60064F184 /* FirebaseDatabase */; };
		BEA64B0325D3F1A60064F184 /* FirebaseFunctions in Frameworks */ = {isa = PBXBuildFile; productRef = BEA64B0225D3F1A60064F184 /* FirebaseFunctions */; };
		BEA64B0525D3F1A60064F184 /* FirebaseRemoteConfig in Frameworks */ = {isa = PBXBuildFile; productRef = BEA64B0425D3F1A60064F184 /* FirebaseRemoteConfig */; };
		BEA64B0725D3F1A60064F184 /* FirebaseCrashlytics in Frameworks */ = {isa = PBXBuildFile; productRef = BEA64B0625D3F1A60064F184 /* FirebaseCrashlytics */; };
		BEA64B0925D3F1A60064F184 /* FirebaseStorageSwift in Frameworks */ = {isa = PBXBuildFile; productRef = BEA64B0825D3F1A60064F184 /* FirebaseStorageSwift */; };
		BEA64B0B25D3F1A60064F184 /* GoogleUtilities_UserDefaults in Frameworks */ = {isa = PBXBuildFile; productRef = BEA64B0A25D3F1A60064F184 /* GoogleUtilities_UserDefaults */; };
		BEB7283B265E613C0004C9BD /* AccountViewController.swift in Sources */ = {isa = PBXBuildFile; fileRef = BEB7283A265E613C0004C9BD /* AccountViewController.swift */; };
		BEBCC6E626679D8E0081FC61 /* ProfilelViewController.swift in Sources */ = {isa = PBXBuildFile; fileRef = BEBCC6E526679D8E0081FC61 /* ProfilelViewController.swift */; };
/* End PBXBuildFile section */

/* Begin PBXFileReference section */
		9C1A900B283506D5004B4100 /* FriendListViewController.swift */ = {isa = PBXFileReference; lastKnownFileType = sourcecode.swift; path = FriendListViewController.swift; sourceTree = "<group>"; };
		9CAA88EB26B1918B005517D5 /* LoginViewController.swift */ = {isa = PBXFileReference; lastKnownFileType = sourcecode.swift; path = LoginViewController.swift; sourceTree = "<group>"; };
		9CEB8D432823793B00C56E75 /* AppIcon.appiconset */ = {isa = PBXFileReference; lastKnownFileType = folder; name = AppIcon.appiconset; path = ../../../../AppIcon.appiconset; sourceTree = "<group>"; };
		9CF0089727D8C5430072F6EC /* SettingViewController.swift */ = {isa = PBXFileReference; lastKnownFileType = sourcecode.swift; path = SettingViewController.swift; sourceTree = "<group>"; };
		BE0878EB26551BC2007CA984 /* post.swift */ = {isa = PBXFileReference; lastKnownFileType = sourcecode.swift; path = post.swift; sourceTree = "<group>"; };
		BE2F95D12588CCF5004DC436 /* HealthKit.framework */ = {isa = PBXFileReference; lastKnownFileType = wrapper.framework; name = HealthKit.framework; path = System/Library/Frameworks/HealthKit.framework; sourceTree = SDKROOT; };
		BE2F95D32588CD1A004DC436 /* HealthKitUI.framework */ = {isa = PBXFileReference; lastKnownFileType = wrapper.framework; name = HealthKitUI.framework; path = System/Library/Frameworks/HealthKitUI.framework; sourceTree = SDKROOT; };
		BE7F33782580D07E0027620D /* pppppp.app */ = {isa = PBXFileReference; explicitFileType = wrapper.application; includeInIndex = 0; path = pppppp.app; sourceTree = BUILT_PRODUCTS_DIR; };
		BE7F337B2580D07E0027620D /* AppDelegate.swift */ = {isa = PBXFileReference; lastKnownFileType = sourcecode.swift; path = AppDelegate.swift; sourceTree = "<group>"; };
		BE7F337D2580D07E0027620D /* SceneDelegate.swift */ = {isa = PBXFileReference; lastKnownFileType = sourcecode.swift; path = SceneDelegate.swift; sourceTree = "<group>"; };
		BE7F337F2580D07E0027620D /* ViewController.swift */ = {isa = PBXFileReference; lastKnownFileType = sourcecode.swift; path = ViewController.swift; sourceTree = "<group>"; };
		BE7F33822580D07E0027620D /* Base */ = {isa = PBXFileReference; lastKnownFileType = file.storyboard; name = Base; path = Base.lproj/Main.storyboard; sourceTree = "<group>"; };
		BE7F33842580D0810027620D /* Assets.xcassets */ = {isa = PBXFileReference; lastKnownFileType = folder.assetcatalog; path = Assets.xcassets; sourceTree = "<group>"; };
		BE7F33872580D0810027620D /* Base */ = {isa = PBXFileReference; lastKnownFileType = file.storyboard; name = Base; path = Base.lproj/LaunchScreen.storyboard; sourceTree = "<group>"; };
		BE7F33892580D0810027620D /* Info.plist */ = {isa = PBXFileReference; lastKnownFileType = text.plist.xml; path = Info.plist; sourceTree = "<group>"; };
		BE92D6C125C17AF000228B3C /* pppppp.entitlements */ = {isa = PBXFileReference; lastKnownFileType = text.plist.entitlements; path = pppppp.entitlements; sourceTree = "<group>"; };
		BEA64AEC25D3EC040064F184 /* GoogleService-Info.plist */ = {isa = PBXFileReference; fileEncoding = 4; lastKnownFileType = text.plist.xml; path = "GoogleService-Info.plist"; sourceTree = "<group>"; };
		BEB7283A265E613C0004C9BD /* AccountViewController.swift */ = {isa = PBXFileReference; lastKnownFileType = sourcecode.swift; name = AccountViewController.swift; path = ../AccountViewController.swift; sourceTree = "<group>"; };
		BEBCC6E526679D8E0081FC61 /* ProfilelViewController.swift */ = {isa = PBXFileReference; lastKnownFileType = sourcecode.swift; path = ProfilelViewController.swift; sourceTree = "<group>"; };
/* End PBXFileReference section */

/* Begin PBXFrameworksBuildPhase section */
		BE7F33752580D07E0027620D /* Frameworks */ = {
			isa = PBXFrameworksBuildPhase;
			buildActionMask = 2147483647;
			files = (
				BEA64AF125D3F1A60064F184 /* FirebaseInstallations in Frameworks */,
				BE0BF72725B5C734005646AE /* HealthKit.framework in Frameworks */,
				BEA64B0925D3F1A60064F184 /* FirebaseStorageSwift in Frameworks */,
				BEA64AFB25D3F1A60064F184 /* FirebaseAnalytics in Frameworks */,
				BEA64B0725D3F1A60064F184 /* FirebaseCrashlytics in Frameworks */,
				BEA64B0325D3F1A60064F184 /* FirebaseFunctions in Frameworks */,
				BEA64AFF25D3F1A60064F184 /* FirebaseFirestore in Frameworks */,
				BE0BF72825B5C73A005646AE /* HealthKitUI.framework in Frameworks */,
				BEA64AF325D3F1A60064F184 /* FirebaseDynamicLinks in Frameworks */,
				9CAA892B26BAA0EE005517D5 /* KeychainAccess in Frameworks */,
				BEA64AF525D3F1A60064F184 /* FirebaseInAppMessaging-Beta in Frameworks */,
				BEA64AF925D3F1A60064F184 /* FirebaseAuth in Frameworks */,
				BEA64B0B25D3F1A60064F184 /* GoogleUtilities_UserDefaults in Frameworks */,
				BEA64B0125D3F1A60064F184 /* FirebaseDatabase in Frameworks */,
				BEA64B0525D3F1A60064F184 /* FirebaseRemoteConfig in Frameworks */,
				BEA64AF725D3F1A60064F184 /* FirebaseStorage in Frameworks */,
				BEA64AFD25D3F1A60064F184 /* FirebaseFirestoreSwift in Frameworks */,
			);
			runOnlyForDeploymentPostprocessing = 0;
		};
/* End PBXFrameworksBuildPhase section */

/* Begin PBXGroup section */
		BE2F95D02588CCF5004DC436 /* Frameworks */ = {
			isa = PBXGroup;
			children = (
				BE2F95D32588CD1A004DC436 /* HealthKitUI.framework */,
				BE2F95D12588CCF5004DC436 /* HealthKit.framework */,
			);
			name = Frameworks;
			sourceTree = "<group>";
		};
		BE7F336F2580D07E0027620D = {
			isa = PBXGroup;
			children = (
				BE7F337A2580D07E0027620D /* pppppp */,
				BE7F33792580D07E0027620D /* Products */,
				BE2F95D02588CCF5004DC436 /* Frameworks */,
			);
			sourceTree = "<group>";
		};
		BE7F33792580D07E0027620D /* Products */ = {
			isa = PBXGroup;
			children = (
				BE7F33782580D07E0027620D /* pppppp.app */,
			);
			name = Products;
			sourceTree = "<group>";
		};
		BE7F337A2580D07E0027620D /* pppppp */ = {
			isa = PBXGroup;
			children = (
				BE92D6C125C17AF000228B3C /* pppppp.entitlements */,
				BE7F337B2580D07E0027620D /* AppDelegate.swift */,
				BE7F33812580D07E0027620D /* Main.storyboard */,
				9C1A900B283506D5004B4100 /* FriendListViewController.swift */,
				9CF0089727D8C5430072F6EC /* SettingViewController.swift */,
				BE7F337D2580D07E0027620D /* SceneDelegate.swift */,
				BE0878EB26551BC2007CA984 /* post.swift */,
				BE7F337F2580D07E0027620D /* ViewController.swift */,
				BEBCC6E526679D8E0081FC61 /* ProfilelViewController.swift */,
				9CAA88EB26B1918B005517D5 /* LoginViewController.swift */,
				BEB7283A265E613C0004C9BD /* AccountViewController.swift */,
				BE7F33842580D0810027620D /* Assets.xcassets */,
				9CEB8D432823793B00C56E75 /* AppIcon.appiconset */,
				BE7F33862580D0810027620D /* LaunchScreen.storyboard */,
				BEA64AEC25D3EC040064F184 /* GoogleService-Info.plist */,
				BE7F33892580D0810027620D /* Info.plist */,
			);
			path = pppppp;
			sourceTree = "<group>";
		};
/* End PBXGroup section */

/* Begin PBXNativeTarget section */
		BE7F33772580D07E0027620D /* pppppp */ = {
			isa = PBXNativeTarget;
			buildConfigurationList = BE7F33A22580D0820027620D /* Build configuration list for PBXNativeTarget "pppppp" */;
			buildPhases = (
				BE7F33742580D07E0027620D /* Sources */,
				BE7F33752580D07E0027620D /* Frameworks */,
				BE7F33762580D07E0027620D /* Resources */,
			);
			buildRules = (
			);
			dependencies = (
			);
			name = pppppp;
			packageProductDependencies = (
				BEA64AF025D3F1A60064F184 /* FirebaseInstallations */,
				BEA64AF225D3F1A60064F184 /* FirebaseDynamicLinks */,
				BEA64AF425D3F1A60064F184 /* FirebaseInAppMessaging-Beta */,
				BEA64AF625D3F1A60064F184 /* FirebaseStorage */,
				BEA64AF825D3F1A60064F184 /* FirebaseAuth */,
				BEA64AFA25D3F1A60064F184 /* FirebaseAnalytics */,
				BEA64AFC25D3F1A60064F184 /* FirebaseFirestoreSwift */,
				BEA64AFE25D3F1A60064F184 /* FirebaseFirestore */,
				BEA64B0025D3F1A60064F184 /* FirebaseDatabase */,
				BEA64B0225D3F1A60064F184 /* FirebaseFunctions */,
				BEA64B0425D3F1A60064F184 /* FirebaseRemoteConfig */,
				BEA64B0625D3F1A60064F184 /* FirebaseCrashlytics */,
				BEA64B0825D3F1A60064F184 /* FirebaseStorageSwift */,
				BEA64B0A25D3F1A60064F184 /* GoogleUtilities_UserDefaults */,
				9CAA892A26BAA0EE005517D5 /* KeychainAccess */,
			);
			productName = pppppp;
			productReference = BE7F33782580D07E0027620D /* pppppp.app */;
			productType = "com.apple.product-type.application";
		};
/* End PBXNativeTarget section */

/* Begin PBXProject section */
		BE7F33702580D07E0027620D /* Project object */ = {
			isa = PBXProject;
			attributes = {
				LastSwiftUpdateCheck = 1220;
				LastUpgradeCheck = 1220;
				TargetAttributes = {
					BE7F33772580D07E0027620D = {
						CreatedOnToolsVersion = 12.2;
					};
				};
			};
			buildConfigurationList = BE7F33732580D07E0027620D /* Build configuration list for PBXProject "pppppp" */;
			compatibilityVersion = "Xcode 9.3";
			developmentRegion = en;
			hasScannedForEncodings = 0;
			knownRegions = (
				en,
				Base,
			);
			mainGroup = BE7F336F2580D07E0027620D;
			packageReferences = (
				BEA64AEF25D3F1A60064F184 /* XCRemoteSwiftPackageReference "firebase-ios-sdk" */,
				9CAA892926BAA0EE005517D5 /* XCRemoteSwiftPackageReference "KeychainAccess" */,
			);
			productRefGroup = BE7F33792580D07E0027620D /* Products */;
			projectDirPath = "";
			projectRoot = "";
			targets = (
				BE7F33772580D07E0027620D /* pppppp */,
			);
		};
/* End PBXProject section */

/* Begin PBXResourcesBuildPhase section */
		BE7F33762580D07E0027620D /* Resources */ = {
			isa = PBXResourcesBuildPhase;
			buildActionMask = 2147483647;
			files = (
				BE7F33882580D0810027620D /* LaunchScreen.storyboard in Resources */,
				BEA64AED25D3EC040064F184 /* GoogleService-Info.plist in Resources */,
				BE7F33852580D0810027620D /* Assets.xcassets in Resources */,
				9CEB8D442823793B00C56E75 /* AppIcon.appiconset in Resources */,
				BE7F33832580D07E0027620D /* Main.storyboard in Resources */,
			);
			runOnlyForDeploymentPostprocessing = 0;
		};
/* End PBXResourcesBuildPhase section */

/* Begin PBXSourcesBuildPhase section */
		BE7F33742580D07E0027620D /* Sources */ = {
			isa = PBXSourcesBuildPhase;
			buildActionMask = 2147483647;
			files = (
				BE7F33802580D07E0027620D /* ViewController.swift in Sources */,
				BE0878EC26551BC2007CA984 /* post.swift in Sources */,
				9C1A900C283506D5004B4100 /* FriendListViewController.swift in Sources */,
				BEB7283B265E613C0004C9BD /* AccountViewController.swift in Sources */,
				9CAA88EC26B1918B005517D5 /* LoginViewController.swift in Sources */,
				9CF0089827D8C5430072F6EC /* SettingViewController.swift in Sources */,
				BEBCC6E626679D8E0081FC61 /* ProfilelViewController.swift in Sources */,
				BE7F337C2580D07E0027620D /* AppDelegate.swift in Sources */,
				BE7F337E2580D07E0027620D /* SceneDelegate.swift in Sources */,
			);
			runOnlyForDeploymentPostprocessing = 0;
		};
/* End PBXSourcesBuildPhase section */

/* Begin PBXVariantGroup section */
		BE7F33812580D07E0027620D /* Main.storyboard */ = {
			isa = PBXVariantGroup;
			children = (
				BE7F33822580D07E0027620D /* Base */,
			);
			name = Main.storyboard;
			sourceTree = "<group>";
		};
		BE7F33862580D0810027620D /* LaunchScreen.storyboard */ = {
			isa = PBXVariantGroup;
			children = (
				BE7F33872580D0810027620D /* Base */,
			);
			name = LaunchScreen.storyboard;
			sourceTree = "<group>";
		};
/* End PBXVariantGroup section */

/* Begin XCBuildConfiguration section */
		BE7F33A02580D0820027620D /* Debug */ = {
			isa = XCBuildConfiguration;
			buildSettings = {
				ALWAYS_SEARCH_USER_PATHS = NO;
				CLANG_ANALYZER_NONNULL = YES;
				CLANG_ANALYZER_NUMBER_OBJECT_CONVERSION = YES_AGGRESSIVE;
				CLANG_CXX_LANGUAGE_STANDARD = "gnu++14";
				CLANG_CXX_LIBRARY = "libc++";
				CLANG_ENABLE_MODULES = YES;
				CLANG_ENABLE_OBJC_ARC = YES;
				CLANG_ENABLE_OBJC_WEAK = YES;
				CLANG_WARN_BLOCK_CAPTURE_AUTORELEASING = YES;
				CLANG_WARN_BOOL_CONVERSION = YES;
				CLANG_WARN_COMMA = YES;
				CLANG_WARN_CONSTANT_CONVERSION = YES;
				CLANG_WARN_DEPRECATED_OBJC_IMPLEMENTATIONS = YES;
				CLANG_WARN_DIRECT_OBJC_ISA_USAGE = YES_ERROR;
				CLANG_WARN_DOCUMENTATION_COMMENTS = YES;
				CLANG_WARN_EMPTY_BODY = YES;
				CLANG_WARN_ENUM_CONVERSION = YES;
				CLANG_WARN_INFINITE_RECURSION = YES;
				CLANG_WARN_INT_CONVERSION = YES;
				CLANG_WARN_NON_LITERAL_NULL_CONVERSION = YES;
				CLANG_WARN_OBJC_IMPLICIT_RETAIN_SELF = YES;
				CLANG_WARN_OBJC_LITERAL_CONVERSION = YES;
				CLANG_WARN_OBJC_ROOT_CLASS = YES_ERROR;
				CLANG_WARN_QUOTED_INCLUDE_IN_FRAMEWORK_HEADER = YES;
				CLANG_WARN_RANGE_LOOP_ANALYSIS = YES;
				CLANG_WARN_STRICT_PROTOTYPES = YES;
				CLANG_WARN_SUSPICIOUS_MOVE = YES;
				CLANG_WARN_UNGUARDED_AVAILABILITY = YES_AGGRESSIVE;
				CLANG_WARN_UNREACHABLE_CODE = YES;
				CLANG_WARN__DUPLICATE_METHOD_MATCH = YES;
				COPY_PHASE_STRIP = NO;
				DEBUG_INFORMATION_FORMAT = dwarf;
				ENABLE_STRICT_OBJC_MSGSEND = YES;
				ENABLE_TESTABILITY = YES;
				GCC_C_LANGUAGE_STANDARD = gnu11;
				GCC_DYNAMIC_NO_PIC = NO;
				GCC_NO_COMMON_BLOCKS = YES;
				GCC_OPTIMIZATION_LEVEL = 0;
				GCC_PREPROCESSOR_DEFINITIONS = (
					"DEBUG=1",
					"$(inherited)",
				);
				GCC_WARN_64_TO_32_BIT_CONVERSION = YES;
				GCC_WARN_ABOUT_RETURN_TYPE = YES_ERROR;
				GCC_WARN_UNDECLARED_SELECTOR = YES;
				GCC_WARN_UNINITIALIZED_AUTOS = YES_AGGRESSIVE;
				GCC_WARN_UNUSED_FUNCTION = YES;
				GCC_WARN_UNUSED_VARIABLE = YES;
				IPHONEOS_DEPLOYMENT_TARGET = 14.2;
				MTL_ENABLE_DEBUG_INFO = INCLUDE_SOURCE;
				MTL_FAST_MATH = YES;
				ONLY_ACTIVE_ARCH = YES;
				SDKROOT = iphoneos;
				SWIFT_ACTIVE_COMPILATION_CONDITIONS = DEBUG;
				SWIFT_OPTIMIZATION_LEVEL = "-Onone";
			};
			name = Debug;
		};
		BE7F33A12580D0820027620D /* Release */ = {
			isa = XCBuildConfiguration;
			buildSettings = {
				ALWAYS_SEARCH_USER_PATHS = NO;
				CLANG_ANALYZER_NONNULL = YES;
				CLANG_ANALYZER_NUMBER_OBJECT_CONVERSION = YES_AGGRESSIVE;
				CLANG_CXX_LANGUAGE_STANDARD = "gnu++14";
				CLANG_CXX_LIBRARY = "libc++";
				CLANG_ENABLE_MODULES = YES;
				CLANG_ENABLE_OBJC_ARC = YES;
				CLANG_ENABLE_OBJC_WEAK = YES;
				CLANG_WARN_BLOCK_CAPTURE_AUTORELEASING = YES;
				CLANG_WARN_BOOL_CONVERSION = YES;
				CLANG_WARN_COMMA = YES;
				CLANG_WARN_CONSTANT_CONVERSION = YES;
				CLANG_WARN_DEPRECATED_OBJC_IMPLEMENTATIONS = YES;
				CLANG_WARN_DIRECT_OBJC_ISA_USAGE = YES_ERROR;
				CLANG_WARN_DOCUMENTATION_COMMENTS = YES;
				CLANG_WARN_EMPTY_BODY = YES;
				CLANG_WARN_ENUM_CONVERSION = YES;
				CLANG_WARN_INFINITE_RECURSION = YES;
				CLANG_WARN_INT_CONVERSION = YES;
				CLANG_WARN_NON_LITERAL_NULL_CONVERSION = YES;
				CLANG_WARN_OBJC_IMPLICIT_RETAIN_SELF = YES;
				CLANG_WARN_OBJC_LITERAL_CONVERSION = YES;
				CLANG_WARN_OBJC_ROOT_CLASS = YES_ERROR;
				CLANG_WARN_QUOTED_INCLUDE_IN_FRAMEWORK_HEADER = YES;
				CLANG_WARN_RANGE_LOOP_ANALYSIS = YES;
				CLANG_WARN_STRICT_PROTOTYPES = YES;
				CLANG_WARN_SUSPICIOUS_MOVE = YES;
				CLANG_WARN_UNGUARDED_AVAILABILITY = YES_AGGRESSIVE;
				CLANG_WARN_UNREACHABLE_CODE = YES;
				CLANG_WARN__DUPLICATE_METHOD_MATCH = YES;
				COPY_PHASE_STRIP = NO;
				DEBUG_INFORMATION_FORMAT = "dwarf-with-dsym";
				ENABLE_NS_ASSERTIONS = NO;
				ENABLE_STRICT_OBJC_MSGSEND = YES;
				GCC_C_LANGUAGE_STANDARD = gnu11;
				GCC_NO_COMMON_BLOCKS = YES;
				GCC_WARN_64_TO_32_BIT_CONVERSION = YES;
				GCC_WARN_ABOUT_RETURN_TYPE = YES_ERROR;
				GCC_WARN_UNDECLARED_SELECTOR = YES;
				GCC_WARN_UNINITIALIZED_AUTOS = YES_AGGRESSIVE;
				GCC_WARN_UNUSED_FUNCTION = YES;
				GCC_WARN_UNUSED_VARIABLE = YES;
				IPHONEOS_DEPLOYMENT_TARGET = 14.2;
				MTL_ENABLE_DEBUG_INFO = NO;
				MTL_FAST_MATH = YES;
				SDKROOT = iphoneos;
				SWIFT_COMPILATION_MODE = wholemodule;
				SWIFT_OPTIMIZATION_LEVEL = "-O";
				VALIDATE_PRODUCT = YES;
			};
			name = Release;
		};
		BE7F33A32580D0820027620D /* Debug */ = {
			isa = XCBuildConfiguration;
			buildSettings = {
				ASSETCATALOG_COMPILER_APPICON_NAME = AppIcon;
				ASSETCATALOG_COMPILER_GLOBAL_ACCENT_COLOR_NAME = AccentColor;
				CODE_SIGN_ENTITLEMENTS = pppppp/pppppp.entitlements;
				CODE_SIGN_STYLE = Automatic;
				DEVELOPMENT_TEAM = 5M57D4KW9D;
				INFOPLIST_FILE = pppppp/Info.plist;
				IPHONEOS_DEPLOYMENT_TARGET = 15.0;
				LD_RUNPATH_SEARCH_PATHS = (
					"$(inherited)",
					"@executable_path/Frameworks",
				);
				PRODUCT_BUNDLE_IDENTIFIER = app.hinata.masuda.pppppp;
				PRODUCT_NAME = "$(TARGET_NAME)";
				SWIFT_VERSION = 5.0;
				TARGETED_DEVICE_FAMILY = "1,2";
			};
			name = Debug;
		};
		BE7F33A42580D0820027620D /* Release */ = {
			isa = XCBuildConfiguration;
			buildSettings = {
				ASSETCATALOG_COMPILER_APPICON_NAME = AppIcon;
				ASSETCATALOG_COMPILER_GLOBAL_ACCENT_COLOR_NAME = AccentColor;
				CODE_SIGN_ENTITLEMENTS = pppppp/pppppp.entitlements;
				CODE_SIGN_IDENTITY = "Apple Development";
				CODE_SIGN_STYLE = Automatic;
				DEVELOPMENT_TEAM = 5M57D4KW9D;
				INFOPLIST_FILE = pppppp/Info.plist;
				IPHONEOS_DEPLOYMENT_TARGET = 15.0;
				LD_RUNPATH_SEARCH_PATHS = (
					"$(inherited)",
					"@executable_path/Frameworks",
				);
				PRODUCT_BUNDLE_IDENTIFIER = app.hinata.masuda.pppppp;
				PRODUCT_NAME = "$(TARGET_NAME)";
				PROVISIONING_PROFILE_SPECIFIER = "";
				SWIFT_VERSION = 5.0;
				TARGETED_DEVICE_FAMILY = "1,2";
			};
			name = Release;
		};
/* End XCBuildConfiguration section */

/* Begin XCConfigurationList section */
		BE7F33732580D07E0027620D /* Build configuration list for PBXProject "pppppp" */ = {
			isa = XCConfigurationList;
			buildConfigurations = (
				BE7F33A02580D0820027620D /* Debug */,
				BE7F33A12580D0820027620D /* Release */,
			);
			defaultConfigurationIsVisible = 0;
			defaultConfigurationName = Release;
		};
		BE7F33A22580D0820027620D /* Build configuration list for PBXNativeTarget "pppppp" */ = {
			isa = XCConfigurationList;
			buildConfigurations = (
				BE7F33A32580D0820027620D /* Debug */,
				BE7F33A42580D0820027620D /* Release */,
			);
			defaultConfigurationIsVisible = 0;
			defaultConfigurationName = Release;
		};
/* End XCConfigurationList section */

/* Begin XCRemoteSwiftPackageReference section */
		9CAA892926BAA0EE005517D5 /* XCRemoteSwiftPackageReference "KeychainAccess" */ = {
			isa = XCRemoteSwiftPackageReference;
			repositoryURL = "https://github.com/kishikawakatsumi/KeychainAccess/";
			requirement = {
				kind = upToNextMajorVersion;
				minimumVersion = 4.2.2;
			};
		};
		BEA64AEF25D3F1A60064F184 /* XCRemoteSwiftPackageReference "firebase-ios-sdk" */ = {
			isa = XCRemoteSwiftPackageReference;
			repositoryURL = "https://github.com/firebase/firebase-ios-sdk.git";
			requirement = {
				branch = "6.32-spm-beta";
				kind = branch;
			};
		};
/* End XCRemoteSwiftPackageReference section */

/* Begin XCSwiftPackageProductDependency section */
		9CAA892A26BAA0EE005517D5 /* KeychainAccess */ = {
			isa = XCSwiftPackageProductDependency;
			package = 9CAA892926BAA0EE005517D5 /* XCRemoteSwiftPackageReference "KeychainAccess" */;
			productName = KeychainAccess;
		};
		BEA64AF025D3F1A60064F184 /* FirebaseInstallations */ = {
			isa = XCSwiftPackageProductDependency;
			package = BEA64AEF25D3F1A60064F184 /* XCRemoteSwiftPackageReference "firebase-ios-sdk" */;
			productName = FirebaseInstallations;
		};
		BEA64AF225D3F1A60064F184 /* FirebaseDynamicLinks */ = {
			isa = XCSwiftPackageProductDependency;
			package = BEA64AEF25D3F1A60064F184 /* XCRemoteSwiftPackageReference "firebase-ios-sdk" */;
			productName = FirebaseDynamicLinks;
		};
		BEA64AF425D3F1A60064F184 /* FirebaseInAppMessaging-Beta */ = {
			isa = XCSwiftPackageProductDependency;
			package = BEA64AEF25D3F1A60064F184 /* XCRemoteSwiftPackageReference "firebase-ios-sdk" */;
			productName = "FirebaseInAppMessaging-Beta";
		};
		BEA64AF625D3F1A60064F184 /* FirebaseStorage */ = {
			isa = XCSwiftPackageProductDependency;
			package = BEA64AEF25D3F1A60064F184 /* XCRemoteSwiftPackageReference "firebase-ios-sdk" */;
			productName = FirebaseStorage;
		};
		BEA64AF825D3F1A60064F184 /* FirebaseAuth */ = {
			isa = XCSwiftPackageProductDependency;
			package = BEA64AEF25D3F1A60064F184 /* XCRemoteSwiftPackageReference "firebase-ios-sdk" */;
			productName = FirebaseAuth;
		};
		BEA64AFA25D3F1A60064F184 /* FirebaseAnalytics */ = {
			isa = XCSwiftPackageProductDependency;
			package = BEA64AEF25D3F1A60064F184 /* XCRemoteSwiftPackageReference "firebase-ios-sdk" */;
			productName = FirebaseAnalytics;
		};
		BEA64AFC25D3F1A60064F184 /* FirebaseFirestoreSwift */ = {
			isa = XCSwiftPackageProductDependency;
			package = BEA64AEF25D3F1A60064F184 /* XCRemoteSwiftPackageReference "firebase-ios-sdk" */;
			productName = FirebaseFirestoreSwift;
		};
		BEA64AFE25D3F1A60064F184 /* FirebaseFirestore */ = {
			isa = XCSwiftPackageProductDependency;
			package = BEA64AEF25D3F1A60064F184 /* XCRemoteSwiftPackageReference "firebase-ios-sdk" */;
			productName = FirebaseFirestore;
		};
		BEA64B0025D3F1A60064F184 /* FirebaseDatabase */ = {
			isa = XCSwiftPackageProductDependency;
			package = BEA64AEF25D3F1A60064F184 /* XCRemoteSwiftPackageReference "firebase-ios-sdk" */;
			productName = FirebaseDatabase;
		};
		BEA64B0225D3F1A60064F184 /* FirebaseFunctions */ = {
			isa = XCSwiftPackageProductDependency;
			package = BEA64AEF25D3F1A60064F184 /* XCRemoteSwiftPackageReference "firebase-ios-sdk" */;
			productName = FirebaseFunctions;
		};
		BEA64B0425D3F1A60064F184 /* FirebaseRemoteConfig */ = {
			isa = XCSwiftPackageProductDependency;
			package = BEA64AEF25D3F1A60064F184 /* XCRemoteSwiftPackageReference "firebase-ios-sdk" */;
			productName = FirebaseRemoteConfig;
		};
		BEA64B0625D3F1A60064F184 /* FirebaseCrashlytics */ = {
			isa = XCSwiftPackageProductDependency;
			package = BEA64AEF25D3F1A60064F184 /* XCRemoteSwiftPackageReference "firebase-ios-sdk" */;
			productName = FirebaseCrashlytics;
		};
		BEA64B0825D3F1A60064F184 /* FirebaseStorageSwift */ = {
			isa = XCSwiftPackageProductDependency;
			package = BEA64AEF25D3F1A60064F184 /* XCRemoteSwiftPackageReference "firebase-ios-sdk" */;
			productName = FirebaseStorageSwift;
		};
		BEA64B0A25D3F1A60064F184 /* GoogleUtilities_UserDefaults */ = {
			isa = XCSwiftPackageProductDependency;
			package = BEA64AEF25D3F1A60064F184 /* XCRemoteSwiftPackageReference "firebase-ios-sdk" */;
			productName = GoogleUtilities_UserDefaults;
		};
/* End XCSwiftPackageProductDependency section */
	};
	rootObject = BE7F33702580D07E0027620D /* Project object */;
}
