// !$*UTF8*$!
{
	archiveVersion = 1;
	classes = {
	};
	objectVersion = 52;
	objects = {

/* Begin PBXBuildFile section */
		0318016928D4D32A004C7002 /* AddFriendView.storyboard in Resources */ = {isa = PBXBuildFile; fileRef = 0318016828D4D32A004C7002 /* AddFriendView.storyboard */; };
		0318016B28D4D344004C7002 /* AddFriendViewController.swift in Sources */ = {isa = PBXBuildFile; fileRef = 0318016A28D4D344004C7002 /* AddFriendViewController.swift */; };
		032843A928DC8E5700AB1A5D /* L10n-Constants.swift in Sources */ = {isa = PBXBuildFile; fileRef = 032843A728DC8E5700AB1A5D /* L10n-Constants.swift */; };
		032843AA28DC8E5700AB1A5D /* Assets-Constants.swift in Sources */ = {isa = PBXBuildFile; fileRef = 032843A828DC8E5700AB1A5D /* Assets-Constants.swift */; };
		032843AC28DC8F8400AB1A5D /* Storyboard Scenes.swift in Sources */ = {isa = PBXBuildFile; fileRef = 032843AB28DC8F8400AB1A5D /* Storyboard Scenes.swift */; };
		032DF35D28F1B7AC00458C20 /* ProfileViewModel.swift in Sources */ = {isa = PBXBuildFile; fileRef = 032DF35C28F1B7AC00458C20 /* ProfileViewModel.swift */; };
		032DF35F28F1D0EE00458C20 /* StreakCollectionView.swift in Sources */ = {isa = PBXBuildFile; fileRef = 032DF35E28F1D0EE00458C20 /* StreakCollectionView.swift */; };
		032DF36128F24E7F00458C20 /* DateHelper.swift in Sources */ = {isa = PBXBuildFile; fileRef = 032DF36028F24E7F00458C20 /* DateHelper.swift */; };
		032DF36A28F30FDA00458C20 /* CGPointHelper.swift in Sources */ = {isa = PBXBuildFile; fileRef = 032DF36928F30FDA00458C20 /* CGPointHelper.swift */; };
		032DF36C28F3BDDD00458C20 /* HealthChartsViewModel.swift in Sources */ = {isa = PBXBuildFile; fileRef = 032DF36B28F3BDDD00458C20 /* HealthChartsViewModel.swift */; };
		032DF37028F44F4F00458C20 /* HKWorkoutActivityType.swift in Sources */ = {isa = PBXBuildFile; fileRef = 032DF36F28F44F4F00458C20 /* HKWorkoutActivityType.swift */; };
		032DF37228F4535D00458C20 /* PointActivityImage.swift in Sources */ = {isa = PBXBuildFile; fileRef = 032DF37128F4535D00458C20 /* PointActivityImage.swift */; };
		032DF37D28F84FAD00458C20 /* FriendRequestViewController.swift in Sources */ = {isa = PBXBuildFile; fileRef = 032DF37C28F84FAD00458C20 /* FriendRequestViewController.swift */; };
		032DF38128F8513000458C20 /* FriendRequestContentView.swift in Sources */ = {isa = PBXBuildFile; fileRef = 032DF38028F8513000458C20 /* FriendRequestContentView.swift */; };
		032DF38528F8517900458C20 /* FriendRequestViewModel.swift in Sources */ = {isa = PBXBuildFile; fileRef = 032DF38428F8517900458C20 /* FriendRequestViewModel.swift */; };
		033945F028DF25C100681E9C /* HealthChartsHostingController.swift in Sources */ = {isa = PBXBuildFile; fileRef = 033945EF28DF25C100681E9C /* HealthChartsHostingController.swift */; };
		033BC37C28DC7FA9008DBC49 /* Colors.xcassets in Resources */ = {isa = PBXBuildFile; fileRef = 033BC37B28DC7FA9008DBC49 /* Colors.xcassets */; };
		0343680E28D756C3000BA656 /* RecordExerciseView+UIPickerDelegate.swift in Sources */ = {isa = PBXBuildFile; fileRef = 0343680D28D756C3000BA656 /* RecordExerciseView+UIPickerDelegate.swift */; };
		0343681628D7ED5C000BA656 /* SignInWithAppleViewController.swift in Sources */ = {isa = PBXBuildFile; fileRef = 0343681528D7ED5C000BA656 /* SignInWithAppleViewController.swift */; };
		0343681828D7ED68000BA656 /* SignInWithAppleView.storyboard in Resources */ = {isa = PBXBuildFile; fileRef = 0343681728D7ED68000BA656 /* SignInWithAppleView.storyboard */; };
		0343681B28D8063D000BA656 /* ChangeProfileViewController+UITextFieldDelegate.swift in Sources */ = {isa = PBXBuildFile; fileRef = 0343681A28D8063D000BA656 /* ChangeProfileViewController+UITextFieldDelegate.swift */; };
		0343681D28D806B1000BA656 /* SetNameViewController+UITextFieldDelegate.swift in Sources */ = {isa = PBXBuildFile; fileRef = 0343681C28D806B1000BA656 /* SetNameViewController+UITextFieldDelegate.swift */; };
		0343681F28D80761000BA656 /* ResetPasswordViewController+UITextFieldDelegate.swift in Sources */ = {isa = PBXBuildFile; fileRef = 0343681E28D80761000BA656 /* ResetPasswordViewController+UITextFieldDelegate.swift */; };
		0343682328D807C7000BA656 /* EmailSignInViewController+UITextFieldDelegate.swift in Sources */ = {isa = PBXBuildFile; fileRef = 0343682228D807C7000BA656 /* EmailSignInViewController+UITextFieldDelegate.swift */; };
		0343682728D8147D000BA656 /* ShareMyDataViewController+UIImagePickerControllerDelegate.swift in Sources */ = {isa = PBXBuildFile; fileRef = 0343682628D8147D000BA656 /* ShareMyDataViewController+UIImagePickerControllerDelegate.swift */; };
		0348CD4B29364117008B4775 /* PointChartsUIView.swift in Sources */ = {isa = PBXBuildFile; fileRef = 0348CD4A29364117008B4775 /* PointChartsUIView.swift */; };
		0348CD4D29364135008B4775 /* ChartsPointItem.swift in Sources */ = {isa = PBXBuildFile; fileRef = 0348CD4C29364135008B4775 /* ChartsPointItem.swift */; };
		035329CD28EECB9000257768 /* ProfileContentView.swift in Sources */ = {isa = PBXBuildFile; fileRef = 035329CC28EECB9000257768 /* ProfileContentView.swift */; };
		035CE51E28CF1E53001F89BB /* RecordExerciseViewController.swift in Sources */ = {isa = PBXBuildFile; fileRef = 035CE51D28CF1E53001F89BB /* RecordExerciseViewController.swift */; };
		035CE52028CF1E61001F89BB /* RecordExerciseView.storyboard in Resources */ = {isa = PBXBuildFile; fileRef = 035CE51F28CF1E61001F89BB /* RecordExerciseView.storyboard */; };
		035D29DA28E98AA400E1BEA4 /* HealthChartsContentView.swift in Sources */ = {isa = PBXBuildFile; fileRef = 035D29D928E98AA400E1BEA4 /* HealthChartsContentView.swift */; };
		035D29E128E9F29200E1BEA4 /* FriendListView.storyboard in Resources */ = {isa = PBXBuildFile; fileRef = 035D29E028E9F29200E1BEA4 /* FriendListView.storyboard */; };
		035D29E328E9F30200E1BEA4 /* FriendListViewController.swift in Sources */ = {isa = PBXBuildFile; fileRef = 035D29E228E9F30200E1BEA4 /* FriendListViewController.swift */; };
		035D29E528E9F46D00E1BEA4 /* FriendListViewController+CollectionViewDelegate.swift in Sources */ = {isa = PBXBuildFile; fileRef = 035D29E428E9F46D00E1BEA4 /* FriendListViewController+CollectionViewDelegate.swift */; };
		03670F2B28F90521006075DC /* FriendListOfFriendsListHostingController.swift in Sources */ = {isa = PBXBuildFile; fileRef = 03670F2A28F90521006075DC /* FriendListOfFriendsListHostingController.swift */; };
		03670F2D28F90547006075DC /* FriendListOfFriendsListContentView.swift in Sources */ = {isa = PBXBuildFile; fileRef = 03670F2C28F90547006075DC /* FriendListOfFriendsListContentView.swift */; };
		03670F2F28F9057E006075DC /* FriendListOfFriendsListViewModel.swift in Sources */ = {isa = PBXBuildFile; fileRef = 03670F2E28F9057E006075DC /* FriendListOfFriendsListViewModel.swift */; };
		03670F3128FA9299006075DC /* GoogleService-Info-dev.plist in Resources */ = {isa = PBXBuildFile; fileRef = 03670F3028FA9299006075DC /* GoogleService-Info-dev.plist */; };
		036E476528DAF73C00EA7BB1 /* StepsChartsUIView.swift in Sources */ = {isa = PBXBuildFile; fileRef = 036E476428DAF73C00EA7BB1 /* StepsChartsUIView.swift */; };
		036E476728DAF77200EA7BB1 /* ChartsStepItem.swift in Sources */ = {isa = PBXBuildFile; fileRef = 036E476628DAF77200EA7BB1 /* ChartsStepItem.swift */; };
		036E476928DB1A5C00EA7BB1 /* RecordWeightViewController.swift in Sources */ = {isa = PBXBuildFile; fileRef = 036E476828DB1A5C00EA7BB1 /* RecordWeightViewController.swift */; };
		036E476B28DB1A6E00EA7BB1 /* RecordWeightView.storyboard in Resources */ = {isa = PBXBuildFile; fileRef = 036E476A28DB1A6E00EA7BB1 /* RecordWeightView.storyboard */; };
		036F697F28B8EACE0066A7DA /* PointData.swift in Sources */ = {isa = PBXBuildFile; fileRef = 036F697E28B8EACE0066A7DA /* PointData.swift */; };
		036F698128B940270066A7DA /* ResetPasswordViewController.swift in Sources */ = {isa = PBXBuildFile; fileRef = 036F698028B940270066A7DA /* ResetPasswordViewController.swift */; };
		036F698C28BB9DAD0066A7DA /* DrawView.swift in Sources */ = {isa = PBXBuildFile; fileRef = 036F698B28BB9DAD0066A7DA /* DrawView.swift */; };
		036F699228BCFE850066A7DA /* DashboardViewController.swift in Sources */ = {isa = PBXBuildFile; fileRef = 036F699128BCFE850066A7DA /* DashboardViewController.swift */; };
		036F69E428BE1DC70066A7DA /* SummaryCollectionViewCell.swift in Sources */ = {isa = PBXBuildFile; fileRef = 036F69E228BE1DC70066A7DA /* SummaryCollectionViewCell.swift */; };
		036F69E528BE1DC70066A7DA /* SummaryCollectionViewCell.xib in Resources */ = {isa = PBXBuildFile; fileRef = 036F69E328BE1DC70066A7DA /* SummaryCollectionViewCell.xib */; };
		036F69ED28BE8F850066A7DA /* RecentActivitysTableViewCell.swift in Sources */ = {isa = PBXBuildFile; fileRef = 036F69EB28BE8F850066A7DA /* RecentActivitysTableViewCell.swift */; };
		036F69EE28BE8F850066A7DA /* RecentActivitysTableViewCell.xib in Resources */ = {isa = PBXBuildFile; fileRef = 036F69EC28BE8F850066A7DA /* RecentActivitysTableViewCell.xib */; };
		036F69F228C089B40066A7DA /* EmailSignInView.storyboard in Resources */ = {isa = PBXBuildFile; fileRef = 036F69F128C089B40066A7DA /* EmailSignInView.storyboard */; };
		036F69F428C08B330066A7DA /* ResetPasswordView.storyboard in Resources */ = {isa = PBXBuildFile; fileRef = 036F69F328C08B330066A7DA /* ResetPasswordView.storyboard */; };
		036F69F628C08C0F0066A7DA /* SetNameView.storyboard in Resources */ = {isa = PBXBuildFile; fileRef = 036F69F528C08C0F0066A7DA /* SetNameView.storyboard */; };
		036F69FA28C08E7F0066A7DA /* SettingView.storyboard in Resources */ = {isa = PBXBuildFile; fileRef = 036F69F928C08E7F0066A7DA /* SettingView.storyboard */; };
		036F69FC28C08F1C0066A7DA /* FriendProfileView.storyboard in Resources */ = {isa = PBXBuildFile; fileRef = 036F69FB28C08F1C0066A7DA /* FriendProfileView.storyboard */; };
		036F69FE28C0914D0066A7DA /* SelfCheckView.storyboard in Resources */ = {isa = PBXBuildFile; fileRef = 036F69FD28C0914D0066A7DA /* SelfCheckView.storyboard */; };
		036F6A0128C092520066A7DA /* DashboardView.storyboard in Resources */ = {isa = PBXBuildFile; fileRef = 036F6A0028C092520066A7DA /* DashboardView.storyboard */; };
		03704A2128E01D78004BE7C3 /* WeightChartsUIView.swift in Sources */ = {isa = PBXBuildFile; fileRef = 03704A2028E01D78004BE7C3 /* WeightChartsUIView.swift */; };
		03704A2328E022D6004BE7C3 /* ChartsWeightItem.swift in Sources */ = {isa = PBXBuildFile; fileRef = 03704A2228E022D6004BE7C3 /* ChartsWeightItem.swift */; };
		0374653A28ED7C9100DB0833 /* PostDispleyData.swift in Sources */ = {isa = PBXBuildFile; fileRef = 0374653928ED7C9100DB0833 /* PostDispleyData.swift */; };
		0374653C28EDA3F900DB0833 /* SetGoalWeightViewController.swift in Sources */ = {isa = PBXBuildFile; fileRef = 0374653B28EDA3F900DB0833 /* SetGoalWeightViewController.swift */; };
		0374653E28EDA42400DB0833 /* SetGoalWeightView.storyboard in Resources */ = {isa = PBXBuildFile; fileRef = 0374653D28EDA42400DB0833 /* SetGoalWeightView.storyboard */; };
		03879DE128E46E7200C1DBA2 /* HealthKit&ScoreringManager.swift in Sources */ = {isa = PBXBuildFile; fileRef = 03879DE028E46E7200C1DBA2 /* HealthKit&ScoreringManager.swift */; };
		038E26AE28BF4BF1000204A4 /* SettingViewController.swift in Sources */ = {isa = PBXBuildFile; fileRef = 038E26AD28BF4BF1000204A4 /* SettingViewController.swift */; };
		0397BD6E28B5F18600CDFA62 /* UserData.swift in Sources */ = {isa = PBXBuildFile; fileRef = 0397BD6D28B5F18600CDFA62 /* UserData.swift */; };
		03A1E0B728D4C2F300B5B9C3 /* DashboardViewController+CollectionViewDelegate.swift in Sources */ = {isa = PBXBuildFile; fileRef = 03A1E0B628D4C2F300B5B9C3 /* DashboardViewController+CollectionViewDelegate.swift */; };
		03A1E0C128D4C49800B5B9C3 /* ChangeProfileViewController+UIImagePickerControllerDelegate.swift in Sources */ = {isa = PBXBuildFile; fileRef = 03A1E0C028D4C49800B5B9C3 /* ChangeProfileViewController+UIImagePickerControllerDelegate.swift */; };
		03A1E0C328D4C52000B5B9C3 /* SettingViewController+TableViewDelegate.swift in Sources */ = {isa = PBXBuildFile; fileRef = 03A1E0C228D4C52000B5B9C3 /* SettingViewController+TableViewDelegate.swift */; };
		03A3F8072924E81F004E3CD0 /* LottieView.swift in Sources */ = {isa = PBXBuildFile; fileRef = 03A3F8062924E81F004E3CD0 /* LottieView.swift */; };
		03A3F80A2924E8EB004E3CD0 /* Lottie in Frameworks */ = {isa = PBXBuildFile; productRef = 03A3F8092924E8EB004E3CD0 /* Lottie */; };
		03A3F80E2924FD2B004E3CD0 /* sanitas-logo-lottie.json in Resources */ = {isa = PBXBuildFile; fileRef = 03A3F80D2924FD2B004E3CD0 /* sanitas-logo-lottie.json */; };
		03A3F8112928B6A8004E3CD0 /* SettingGoalWeightContentView.swift in Sources */ = {isa = PBXBuildFile; fileRef = 03A3F8102928B6A8004E3CD0 /* SettingGoalWeightContentView.swift */; };
		03A3F8132928B6C0004E3CD0 /* SettingGoalWeightHostingController.swift in Sources */ = {isa = PBXBuildFile; fileRef = 03A3F8122928B6C0004E3CD0 /* SettingGoalWeightHostingController.swift */; };
		03A3F8162928B6EA004E3CD0 /* SettingGoalWeightViewModel.swift in Sources */ = {isa = PBXBuildFile; fileRef = 03A3F8152928B6EA004E3CD0 /* SettingGoalWeightViewModel.swift */; };
		03A3F819292D2B99004E3CD0 /* ViewScreenshot.swift in Sources */ = {isa = PBXBuildFile; fileRef = 03A3F818292D2B99004E3CD0 /* ViewScreenshot.swift */; };
		03A3F81D292E3843004E3CD0 /* sanitas-logo-appear.json in Resources */ = {isa = PBXBuildFile; fileRef = 03A3F81C292E3843004E3CD0 /* sanitas-logo-appear.json */; };
		03B2A3AF28D849D00018BA26 /* ShowAlertHelper.swift in Sources */ = {isa = PBXBuildFile; fileRef = 03B2A3AE28D849D00018BA26 /* ShowAlertHelper.swift */; };
		03B832EC28DC84B200C8AE3E /* ChangeProfileView.storyboard in Resources */ = {isa = PBXBuildFile; fileRef = 03B832EB28DC84B200C8AE3E /* ChangeProfileView.storyboard */; };
		03B832F028DC88E400C8AE3E /* Localizable.strings in Resources */ = {isa = PBXBuildFile; fileRef = 03B832F228DC88E400C8AE3E /* Localizable.strings */; };
		03C7E79D28D2F3B10069A46E /* ShareMyDataView.storyboard in Resources */ = {isa = PBXBuildFile; fileRef = 03C7E79C28D2F3B10069A46E /* ShareMyDataView.storyboard */; };
		03C7E79F28D2F3BE0069A46E /* ShareMyDataViewController.swift in Sources */ = {isa = PBXBuildFile; fileRef = 03C7E79E28D2F3BE0069A46E /* ShareMyDataViewController.swift */; };
		03C7E7C628D49DB10069A46E /* SanitasView.storyboard in Resources */ = {isa = PBXBuildFile; fileRef = 03C7E7C528D49DB10069A46E /* SanitasView.storyboard */; };
		03DAC40028EA7918005F173B /* UIColorHelper.swift in Sources */ = {isa = PBXBuildFile; fileRef = 03DAC3FF28EA7918005F173B /* UIColorHelper.swift */; };
		03DAC40228EAD1DD005F173B /* WorkoutData.swift in Sources */ = {isa = PBXBuildFile; fileRef = 03DAC40128EAD1DD005F173B /* WorkoutData.swift */; };
		03DAC40528EB2C0D005F173B /* TimeLineViewController.swift in Sources */ = {isa = PBXBuildFile; fileRef = 03DAC40428EB2C0D005F173B /* TimeLineViewController.swift */; };
		03DAC40728EB2C21005F173B /* TimeLineView.storyboard in Resources */ = {isa = PBXBuildFile; fileRef = 03DAC40628EB2C21005F173B /* TimeLineView.storyboard */; };
		03DAC40928EB369D005F173B /* PostData.swift in Sources */ = {isa = PBXBuildFile; fileRef = 03DAC40828EB369D005F173B /* PostData.swift */; };
		03DAC40E28EC2865005F173B /* TimelinePostCollectionViewCell.swift in Sources */ = {isa = PBXBuildFile; fileRef = 03DAC40C28EC2865005F173B /* TimelinePostCollectionViewCell.swift */; };
		03DAC40F28EC2865005F173B /* TimelinePostCollectionViewCell.xib in Resources */ = {isa = PBXBuildFile; fileRef = 03DAC40D28EC2865005F173B /* TimelinePostCollectionViewCell.xib */; };
		03DAC41128EC287D005F173B /* TimeLineViewController+CollectionViewDelegate.swift in Sources */ = {isa = PBXBuildFile; fileRef = 03DAC41028EC287D005F173B /* TimeLineViewController+CollectionViewDelegate.swift */; };
		03DAC41328EC47E3005F173B /* MainTabBarController.swift in Sources */ = {isa = PBXBuildFile; fileRef = 03DAC41228EC47E3005F173B /* MainTabBarController.swift */; };
		03DFB7A328B7A8390019381A /* SetNameViewController.swift in Sources */ = {isa = PBXBuildFile; fileRef = 03DFB7A228B7A8390019381A /* SetNameViewController.swift */; };
		03EEB3412946FEFA00D16ABE /* Onboarding1HostingController.swift in Sources */ = {isa = PBXBuildFile; fileRef = 03EEB3402946FEFA00D16ABE /* Onboarding1HostingController.swift */; };
		03EEB3432946FF1600D16ABE /* Onboarding1ContentView.swift in Sources */ = {isa = PBXBuildFile; fileRef = 03EEB3422946FF1600D16ABE /* Onboarding1ContentView.swift */; };
		03EEB3472946FF5B00D16ABE /* Onboarding1ViewModel.swift in Sources */ = {isa = PBXBuildFile; fileRef = 03EEB3462946FF5B00D16ABE /* Onboarding1ViewModel.swift */; };
		03EEB34C2947739C00D16ABE /* Onboarding2HostingController.swift in Sources */ = {isa = PBXBuildFile; fileRef = 03EEB34B2947739C00D16ABE /* Onboarding2HostingController.swift */; };
		03EEB34E294773A800D16ABE /* Onboarding2ContentView.swift in Sources */ = {isa = PBXBuildFile; fileRef = 03EEB34D294773A800D16ABE /* Onboarding2ContentView.swift */; };
		03EEB350294773B700D16ABE /* Onboarding2ViewModel.swift in Sources */ = {isa = PBXBuildFile; fileRef = 03EEB34F294773B700D16ABE /* Onboarding2ViewModel.swift */; };
		03EEB3522949CFA900D16ABE /* ProfileHeaderView.swift in Sources */ = {isa = PBXBuildFile; fileRef = 03EEB3512949CFA900D16ABE /* ProfileHeaderView.swift */; };
		03EEB3542949D9F500D16ABE /* ProfileCardView.swift in Sources */ = {isa = PBXBuildFile; fileRef = 03EEB3532949D9F500D16ABE /* ProfileCardView.swift */; };
		03FB125A28CB50BA00AB4F99 /* SettingTableViewCell.swift in Sources */ = {isa = PBXBuildFile; fileRef = 03FB125828CB50BA00AB4F99 /* SettingTableViewCell.swift */; };
		03FB125B28CB50BA00AB4F99 /* SettingTableViewCell.xib in Resources */ = {isa = PBXBuildFile; fileRef = 03FB125928CB50BA00AB4F99 /* SettingTableViewCell.xib */; };
		9C1A86F3289C209700BD5EE6 /* F5.6-Regular.otf in Resources */ = {isa = PBXBuildFile; fileRef = 9C1A86F2289C1FE700BD5EE6 /* F5.6-Regular.otf */; };
		9C1A900C283506D5004B4100 /* ProfileHostingController.swift in Sources */ = {isa = PBXBuildFile; fileRef = 9C1A900B283506D5004B4100 /* ProfileHostingController.swift */; };
		9C2BE4412885108300431FEC /* FirebaseClient.swift in Sources */ = {isa = PBXBuildFile; fileRef = 9C2BE4402885108300431FEC /* FirebaseClient.swift */; };
		9C4F1C752859E6F500623C66 /* FriendProfileViewController.swift in Sources */ = {isa = PBXBuildFile; fileRef = 9C4F1C742859E6F500623C66 /* FriendProfileViewController.swift */; };
		9C61891828A5F35B00DE6942 /* SelfCheckViewController.swift in Sources */ = {isa = PBXBuildFile; fileRef = 9C61891728A5F35B00DE6942 /* SelfCheckViewController.swift */; };
		9C699040286C6517009D5BF5 /* FriendDataCell.swift in Sources */ = {isa = PBXBuildFile; fileRef = 9C69903E286C6517009D5BF5 /* FriendDataCell.swift */; };
		9C699041286C6517009D5BF5 /* FriendDataCell.xib in Resources */ = {isa = PBXBuildFile; fileRef = 9C69903F286C6517009D5BF5 /* FriendDataCell.xib */; };
		9C6F344E28A1EDC200E0FAB8 /* ChangeProfileViewController.swift in Sources */ = {isa = PBXBuildFile; fileRef = 9C6F344D28A1EDC200E0FAB8 /* ChangeProfileViewController.swift */; };
		9C7F3C25289CA21F0039BA2E /* FirebaseAuth in Frameworks */ = {isa = PBXBuildFile; productRef = 9C7F3C24289CA21F0039BA2E /* FirebaseAuth */; };
		9C7F3C27289CA2250039BA2E /* FirebaseFirestore in Frameworks */ = {isa = PBXBuildFile; productRef = 9C7F3C26289CA2250039BA2E /* FirebaseFirestore */; };
		9C7F3C29289CA22A0039BA2E /* FirebaseFirestoreSwift in Frameworks */ = {isa = PBXBuildFile; productRef = 9C7F3C28289CA22A0039BA2E /* FirebaseFirestoreSwift */; };
		9C7F3C2B289CA2480039BA2E /* KeychainAccess in Frameworks */ = {isa = PBXBuildFile; productRef = 9C7F3C2A289CA2480039BA2E /* KeychainAccess */; };
		9C7F3C2D289CA2510039BA2E /* FirebaseAnalytics in Frameworks */ = {isa = PBXBuildFile; productRef = 9C7F3C2C289CA2510039BA2E /* FirebaseAnalytics */; };
		9C7F3C2F289CA3A80039BA2E /* FirebaseStorage in Frameworks */ = {isa = PBXBuildFile; productRef = 9C7F3C2E289CA3A80039BA2E /* FirebaseStorage */; };
		9CA6E4422883B5DE00AB41AD /* DashBoardFriendDataCell.swift in Sources */ = {isa = PBXBuildFile; fileRef = 9CA6E4402883B5DE00AB41AD /* DashBoardFriendDataCell.swift */; };
		9CA6E4432883B5DE00AB41AD /* DashBoardFriendDataCell.xib in Resources */ = {isa = PBXBuildFile; fileRef = 9CA6E4412883B5DE00AB41AD /* DashBoardFriendDataCell.xib */; };
		9CAA88EC26B1918B005517D5 /* EmailSignInViewController.swift in Sources */ = {isa = PBXBuildFile; fileRef = 9CAA88EB26B1918B005517D5 /* EmailSignInViewController.swift */; };
		9CB2AB9A28A116120050562C /* Kingfisher in Frameworks */ = {isa = PBXBuildFile; productRef = 9CB2AB9928A116120050562C /* Kingfisher */; };
		9CD49C2728AEAD5E000CDEDF /* NotificationManager.swift in Sources */ = {isa = PBXBuildFile; fileRef = 9CD49C2628AEAD5E000CDEDF /* NotificationManager.swift */; };
		9CE63B89288C384100FFE94C /* CoverWindow.swift in Sources */ = {isa = PBXBuildFile; fileRef = 9CE63B88288C384100FFE94C /* CoverWindow.swift */; };
		9CE63B8B288C40EA00FFE94C /* ErrorHelper.swift in Sources */ = {isa = PBXBuildFile; fileRef = 9CE63B8A288C40EA00FFE94C /* ErrorHelper.swift */; };
		9CE63B8D288C548D00FFE94C /* LoginHelper.swift in Sources */ = {isa = PBXBuildFile; fileRef = 9CE63B8C288C548D00FFE94C /* LoginHelper.swift */; };
		BE0BF72725B5C734005646AE /* HealthKit.framework in Frameworks */ = {isa = PBXBuildFile; fileRef = BE2F95D12588CCF5004DC436 /* HealthKit.framework */; };
		BE0BF72825B5C73A005646AE /* HealthKitUI.framework in Frameworks */ = {isa = PBXBuildFile; fileRef = BE2F95D32588CD1A004DC436 /* HealthKitUI.framework */; };
		BE7F337C2580D07E0027620D /* AppDelegate.swift in Sources */ = {isa = PBXBuildFile; fileRef = BE7F337B2580D07E0027620D /* AppDelegate.swift */; };
		BE7F337E2580D07E0027620D /* SceneDelegate.swift in Sources */ = {isa = PBXBuildFile; fileRef = BE7F337D2580D07E0027620D /* SceneDelegate.swift */; };
		BE7F33802580D07E0027620D /* SanitasViewController.swift in Sources */ = {isa = PBXBuildFile; fileRef = BE7F337F2580D07E0027620D /* SanitasViewController.swift */; };
		BE7F33832580D07E0027620D /* Main.storyboard in Resources */ = {isa = PBXBuildFile; fileRef = BE7F33812580D07E0027620D /* Main.storyboard */; };
		BE7F33852580D0810027620D /* Assets.xcassets in Resources */ = {isa = PBXBuildFile; fileRef = BE7F33842580D0810027620D /* Assets.xcassets */; };
		BE7F33882580D0810027620D /* LaunchScreen.storyboard in Resources */ = {isa = PBXBuildFile; fileRef = BE7F33862580D0810027620D /* LaunchScreen.storyboard */; };
		BEA64AED25D3EC040064F184 /* GoogleService-Info.plist in Resources */ = {isa = PBXBuildFile; fileRef = BEA64AEC25D3EC040064F184 /* GoogleService-Info.plist */; };
/* End PBXBuildFile section */

/* Begin PBXFileReference section */
		0318016828D4D32A004C7002 /* AddFriendView.storyboard */ = {isa = PBXFileReference; lastKnownFileType = file.storyboard; path = AddFriendView.storyboard; sourceTree = "<group>"; };
		0318016A28D4D344004C7002 /* AddFriendViewController.swift */ = {isa = PBXFileReference; lastKnownFileType = sourcecode.swift; path = AddFriendViewController.swift; sourceTree = "<group>"; };
		032843A728DC8E5700AB1A5D /* L10n-Constants.swift */ = {isa = PBXFileReference; fileEncoding = 4; lastKnownFileType = sourcecode.swift; path = "L10n-Constants.swift"; sourceTree = "<group>"; };
		032843A828DC8E5700AB1A5D /* Assets-Constants.swift */ = {isa = PBXFileReference; fileEncoding = 4; lastKnownFileType = sourcecode.swift; path = "Assets-Constants.swift"; sourceTree = "<group>"; };
		032843AB28DC8F8400AB1A5D /* Storyboard Scenes.swift */ = {isa = PBXFileReference; fileEncoding = 4; lastKnownFileType = sourcecode.swift; path = "Storyboard Scenes.swift"; sourceTree = "<group>"; };
		032DF35C28F1B7AC00458C20 /* ProfileViewModel.swift */ = {isa = PBXFileReference; lastKnownFileType = sourcecode.swift; path = ProfileViewModel.swift; sourceTree = "<group>"; };
		032DF35E28F1D0EE00458C20 /* StreakCollectionView.swift */ = {isa = PBXFileReference; lastKnownFileType = sourcecode.swift; path = StreakCollectionView.swift; sourceTree = "<group>"; };
		032DF36028F24E7F00458C20 /* DateHelper.swift */ = {isa = PBXFileReference; lastKnownFileType = sourcecode.swift; path = DateHelper.swift; sourceTree = "<group>"; };
		032DF36928F30FDA00458C20 /* CGPointHelper.swift */ = {isa = PBXFileReference; lastKnownFileType = sourcecode.swift; path = CGPointHelper.swift; sourceTree = "<group>"; };
		032DF36B28F3BDDD00458C20 /* HealthChartsViewModel.swift */ = {isa = PBXFileReference; lastKnownFileType = sourcecode.swift; path = HealthChartsViewModel.swift; sourceTree = "<group>"; };
		032DF36F28F44F4F00458C20 /* HKWorkoutActivityType.swift */ = {isa = PBXFileReference; lastKnownFileType = sourcecode.swift; path = HKWorkoutActivityType.swift; sourceTree = "<group>"; };
		032DF37128F4535D00458C20 /* PointActivityImage.swift */ = {isa = PBXFileReference; lastKnownFileType = sourcecode.swift; path = PointActivityImage.swift; sourceTree = "<group>"; };
		032DF37C28F84FAD00458C20 /* FriendRequestViewController.swift */ = {isa = PBXFileReference; lastKnownFileType = sourcecode.swift; path = FriendRequestViewController.swift; sourceTree = "<group>"; };
		032DF38028F8513000458C20 /* FriendRequestContentView.swift */ = {isa = PBXFileReference; lastKnownFileType = sourcecode.swift; path = FriendRequestContentView.swift; sourceTree = "<group>"; };
		032DF38428F8517900458C20 /* FriendRequestViewModel.swift */ = {isa = PBXFileReference; lastKnownFileType = sourcecode.swift; path = FriendRequestViewModel.swift; sourceTree = "<group>"; };
		033945EF28DF25C100681E9C /* HealthChartsHostingController.swift */ = {isa = PBXFileReference; lastKnownFileType = sourcecode.swift; path = HealthChartsHostingController.swift; sourceTree = "<group>"; };
		033BC37B28DC7FA9008DBC49 /* Colors.xcassets */ = {isa = PBXFileReference; lastKnownFileType = folder.assetcatalog; path = Colors.xcassets; sourceTree = "<group>"; };
		0343680D28D756C3000BA656 /* RecordExerciseView+UIPickerDelegate.swift */ = {isa = PBXFileReference; lastKnownFileType = sourcecode.swift; path = "RecordExerciseView+UIPickerDelegate.swift"; sourceTree = "<group>"; };
		0343681528D7ED5C000BA656 /* SignInWithAppleViewController.swift */ = {isa = PBXFileReference; lastKnownFileType = sourcecode.swift; path = SignInWithAppleViewController.swift; sourceTree = "<group>"; };
		0343681728D7ED68000BA656 /* SignInWithAppleView.storyboard */ = {isa = PBXFileReference; lastKnownFileType = file.storyboard; path = SignInWithAppleView.storyboard; sourceTree = "<group>"; };
		0343681A28D8063D000BA656 /* ChangeProfileViewController+UITextFieldDelegate.swift */ = {isa = PBXFileReference; lastKnownFileType = sourcecode.swift; path = "ChangeProfileViewController+UITextFieldDelegate.swift"; sourceTree = "<group>"; };
		0343681C28D806B1000BA656 /* SetNameViewController+UITextFieldDelegate.swift */ = {isa = PBXFileReference; lastKnownFileType = sourcecode.swift; path = "SetNameViewController+UITextFieldDelegate.swift"; sourceTree = "<group>"; };
		0343681E28D80761000BA656 /* ResetPasswordViewController+UITextFieldDelegate.swift */ = {isa = PBXFileReference; lastKnownFileType = sourcecode.swift; path = "ResetPasswordViewController+UITextFieldDelegate.swift"; sourceTree = "<group>"; };
		0343682228D807C7000BA656 /* EmailSignInViewController+UITextFieldDelegate.swift */ = {isa = PBXFileReference; lastKnownFileType = sourcecode.swift; path = "EmailSignInViewController+UITextFieldDelegate.swift"; sourceTree = "<group>"; };
		0343682628D8147D000BA656 /* ShareMyDataViewController+UIImagePickerControllerDelegate.swift */ = {isa = PBXFileReference; lastKnownFileType = sourcecode.swift; path = "ShareMyDataViewController+UIImagePickerControllerDelegate.swift"; sourceTree = "<group>"; };
		0348CD4A29364117008B4775 /* PointChartsUIView.swift */ = {isa = PBXFileReference; lastKnownFileType = sourcecode.swift; path = PointChartsUIView.swift; sourceTree = "<group>"; };
		0348CD4C29364135008B4775 /* ChartsPointItem.swift */ = {isa = PBXFileReference; lastKnownFileType = sourcecode.swift; path = ChartsPointItem.swift; sourceTree = "<group>"; };
		035329CC28EECB9000257768 /* ProfileContentView.swift */ = {isa = PBXFileReference; lastKnownFileType = sourcecode.swift; path = ProfileContentView.swift; sourceTree = "<group>"; };
		035CE51D28CF1E53001F89BB /* RecordExerciseViewController.swift */ = {isa = PBXFileReference; lastKnownFileType = sourcecode.swift; path = RecordExerciseViewController.swift; sourceTree = "<group>"; };
		035CE51F28CF1E61001F89BB /* RecordExerciseView.storyboard */ = {isa = PBXFileReference; lastKnownFileType = file.storyboard; path = RecordExerciseView.storyboard; sourceTree = "<group>"; };
		035D29D928E98AA400E1BEA4 /* HealthChartsContentView.swift */ = {isa = PBXFileReference; lastKnownFileType = sourcecode.swift; path = HealthChartsContentView.swift; sourceTree = "<group>"; };
		035D29E028E9F29200E1BEA4 /* FriendListView.storyboard */ = {isa = PBXFileReference; lastKnownFileType = file.storyboard; path = FriendListView.storyboard; sourceTree = "<group>"; };
		035D29E228E9F30200E1BEA4 /* FriendListViewController.swift */ = {isa = PBXFileReference; lastKnownFileType = sourcecode.swift; path = FriendListViewController.swift; sourceTree = "<group>"; };
		035D29E428E9F46D00E1BEA4 /* FriendListViewController+CollectionViewDelegate.swift */ = {isa = PBXFileReference; lastKnownFileType = sourcecode.swift; path = "FriendListViewController+CollectionViewDelegate.swift"; sourceTree = "<group>"; };
		03670F2A28F90521006075DC /* FriendListOfFriendsListHostingController.swift */ = {isa = PBXFileReference; lastKnownFileType = sourcecode.swift; path = FriendListOfFriendsListHostingController.swift; sourceTree = "<group>"; };
		03670F2C28F90547006075DC /* FriendListOfFriendsListContentView.swift */ = {isa = PBXFileReference; lastKnownFileType = sourcecode.swift; path = FriendListOfFriendsListContentView.swift; sourceTree = "<group>"; };
		03670F2E28F9057E006075DC /* FriendListOfFriendsListViewModel.swift */ = {isa = PBXFileReference; lastKnownFileType = sourcecode.swift; path = FriendListOfFriendsListViewModel.swift; sourceTree = "<group>"; };
		03670F3028FA9299006075DC /* GoogleService-Info-dev.plist */ = {isa = PBXFileReference; fileEncoding = 4; lastKnownFileType = text.plist.xml; path = "GoogleService-Info-dev.plist"; sourceTree = "<group>"; };
		036E476428DAF73C00EA7BB1 /* StepsChartsUIView.swift */ = {isa = PBXFileReference; lastKnownFileType = sourcecode.swift; path = StepsChartsUIView.swift; sourceTree = "<group>"; };
		036E476628DAF77200EA7BB1 /* ChartsStepItem.swift */ = {isa = PBXFileReference; lastKnownFileType = sourcecode.swift; path = ChartsStepItem.swift; sourceTree = "<group>"; };
		036E476828DB1A5C00EA7BB1 /* RecordWeightViewController.swift */ = {isa = PBXFileReference; lastKnownFileType = sourcecode.swift; path = RecordWeightViewController.swift; sourceTree = "<group>"; };
		036E476A28DB1A6E00EA7BB1 /* RecordWeightView.storyboard */ = {isa = PBXFileReference; lastKnownFileType = file.storyboard; path = RecordWeightView.storyboard; sourceTree = "<group>"; };
		036F697E28B8EACE0066A7DA /* PointData.swift */ = {isa = PBXFileReference; lastKnownFileType = sourcecode.swift; path = PointData.swift; sourceTree = "<group>"; };
		036F698028B940270066A7DA /* ResetPasswordViewController.swift */ = {isa = PBXFileReference; lastKnownFileType = sourcecode.swift; path = ResetPasswordViewController.swift; sourceTree = "<group>"; };
		036F698B28BB9DAD0066A7DA /* DrawView.swift */ = {isa = PBXFileReference; lastKnownFileType = sourcecode.swift; path = DrawView.swift; sourceTree = "<group>"; };
		036F699128BCFE850066A7DA /* DashboardViewController.swift */ = {isa = PBXFileReference; lastKnownFileType = sourcecode.swift; path = DashboardViewController.swift; sourceTree = "<group>"; };
		036F69E228BE1DC70066A7DA /* SummaryCollectionViewCell.swift */ = {isa = PBXFileReference; lastKnownFileType = sourcecode.swift; path = SummaryCollectionViewCell.swift; sourceTree = "<group>"; };
		036F69E328BE1DC70066A7DA /* SummaryCollectionViewCell.xib */ = {isa = PBXFileReference; lastKnownFileType = file.xib; path = SummaryCollectionViewCell.xib; sourceTree = "<group>"; };
		036F69EB28BE8F850066A7DA /* RecentActivitysTableViewCell.swift */ = {isa = PBXFileReference; lastKnownFileType = sourcecode.swift; path = RecentActivitysTableViewCell.swift; sourceTree = "<group>"; };
		036F69EC28BE8F850066A7DA /* RecentActivitysTableViewCell.xib */ = {isa = PBXFileReference; lastKnownFileType = file.xib; path = RecentActivitysTableViewCell.xib; sourceTree = "<group>"; };
		036F69F128C089B40066A7DA /* EmailSignInView.storyboard */ = {isa = PBXFileReference; lastKnownFileType = file.storyboard; path = EmailSignInView.storyboard; sourceTree = "<group>"; };
		036F69F328C08B330066A7DA /* ResetPasswordView.storyboard */ = {isa = PBXFileReference; lastKnownFileType = file.storyboard; path = ResetPasswordView.storyboard; sourceTree = "<group>"; };
		036F69F528C08C0F0066A7DA /* SetNameView.storyboard */ = {isa = PBXFileReference; lastKnownFileType = file.storyboard; path = SetNameView.storyboard; sourceTree = "<group>"; };
		036F69F928C08E7F0066A7DA /* SettingView.storyboard */ = {isa = PBXFileReference; lastKnownFileType = file.storyboard; path = SettingView.storyboard; sourceTree = "<group>"; };
		036F69FB28C08F1C0066A7DA /* FriendProfileView.storyboard */ = {isa = PBXFileReference; lastKnownFileType = file.storyboard; path = FriendProfileView.storyboard; sourceTree = "<group>"; };
		036F69FD28C0914D0066A7DA /* SelfCheckView.storyboard */ = {isa = PBXFileReference; lastKnownFileType = file.storyboard; path = SelfCheckView.storyboard; sourceTree = "<group>"; };
		036F6A0028C092520066A7DA /* DashboardView.storyboard */ = {isa = PBXFileReference; lastKnownFileType = file.storyboard; path = DashboardView.storyboard; sourceTree = "<group>"; };
		03704A2028E01D78004BE7C3 /* WeightChartsUIView.swift */ = {isa = PBXFileReference; lastKnownFileType = sourcecode.swift; path = WeightChartsUIView.swift; sourceTree = "<group>"; };
		03704A2228E022D6004BE7C3 /* ChartsWeightItem.swift */ = {isa = PBXFileReference; lastKnownFileType = sourcecode.swift; path = ChartsWeightItem.swift; sourceTree = "<group>"; };
		0374653928ED7C9100DB0833 /* PostDispleyData.swift */ = {isa = PBXFileReference; lastKnownFileType = sourcecode.swift; path = PostDispleyData.swift; sourceTree = "<group>"; };
		0374653B28EDA3F900DB0833 /* SetGoalWeightViewController.swift */ = {isa = PBXFileReference; lastKnownFileType = sourcecode.swift; path = SetGoalWeightViewController.swift; sourceTree = "<group>"; };
		0374653D28EDA42400DB0833 /* SetGoalWeightView.storyboard */ = {isa = PBXFileReference; lastKnownFileType = file.storyboard; path = SetGoalWeightView.storyboard; sourceTree = "<group>"; };
		03879DE028E46E7200C1DBA2 /* HealthKit&ScoreringManager.swift */ = {isa = PBXFileReference; lastKnownFileType = sourcecode.swift; path = "HealthKit&ScoreringManager.swift"; sourceTree = "<group>"; };
		038E26AD28BF4BF1000204A4 /* SettingViewController.swift */ = {isa = PBXFileReference; lastKnownFileType = sourcecode.swift; path = SettingViewController.swift; sourceTree = "<group>"; };
		0397BD6D28B5F18600CDFA62 /* UserData.swift */ = {isa = PBXFileReference; lastKnownFileType = sourcecode.swift; path = UserData.swift; sourceTree = "<group>"; };
		03A1E0B628D4C2F300B5B9C3 /* DashboardViewController+CollectionViewDelegate.swift */ = {isa = PBXFileReference; lastKnownFileType = sourcecode.swift; path = "DashboardViewController+CollectionViewDelegate.swift"; sourceTree = "<group>"; };
		03A1E0C028D4C49800B5B9C3 /* ChangeProfileViewController+UIImagePickerControllerDelegate.swift */ = {isa = PBXFileReference; lastKnownFileType = sourcecode.swift; path = "ChangeProfileViewController+UIImagePickerControllerDelegate.swift"; sourceTree = "<group>"; };
		03A1E0C228D4C52000B5B9C3 /* SettingViewController+TableViewDelegate.swift */ = {isa = PBXFileReference; lastKnownFileType = sourcecode.swift; path = "SettingViewController+TableViewDelegate.swift"; sourceTree = "<group>"; };
		03A3F8062924E81F004E3CD0 /* LottieView.swift */ = {isa = PBXFileReference; lastKnownFileType = sourcecode.swift; path = LottieView.swift; sourceTree = "<group>"; };
		03A3F80D2924FD2B004E3CD0 /* sanitas-logo-lottie.json */ = {isa = PBXFileReference; fileEncoding = 4; lastKnownFileType = text.json; path = "sanitas-logo-lottie.json"; sourceTree = "<group>"; };
		03A3F8102928B6A8004E3CD0 /* SettingGoalWeightContentView.swift */ = {isa = PBXFileReference; lastKnownFileType = sourcecode.swift; path = SettingGoalWeightContentView.swift; sourceTree = "<group>"; };
		03A3F8122928B6C0004E3CD0 /* SettingGoalWeightHostingController.swift */ = {isa = PBXFileReference; lastKnownFileType = sourcecode.swift; path = SettingGoalWeightHostingController.swift; sourceTree = "<group>"; };
		03A3F8152928B6EA004E3CD0 /* SettingGoalWeightViewModel.swift */ = {isa = PBXFileReference; lastKnownFileType = sourcecode.swift; path = SettingGoalWeightViewModel.swift; sourceTree = "<group>"; };
		03A3F818292D2B99004E3CD0 /* ViewScreenshot.swift */ = {isa = PBXFileReference; lastKnownFileType = sourcecode.swift; path = ViewScreenshot.swift; sourceTree = "<group>"; };
		03A3F81C292E3843004E3CD0 /* sanitas-logo-appear.json */ = {isa = PBXFileReference; fileEncoding = 4; lastKnownFileType = text.json; path = "sanitas-logo-appear.json"; sourceTree = "<group>"; };
		03B2A3AE28D849D00018BA26 /* ShowAlertHelper.swift */ = {isa = PBXFileReference; lastKnownFileType = sourcecode.swift; path = ShowAlertHelper.swift; sourceTree = "<group>"; };
		03B832EB28DC84B200C8AE3E /* ChangeProfileView.storyboard */ = {isa = PBXFileReference; fileEncoding = 4; lastKnownFileType = file.storyboard; path = ChangeProfileView.storyboard; sourceTree = "<group>"; };
		03B832F128DC88E400C8AE3E /* en */ = {isa = PBXFileReference; lastKnownFileType = text.plist.strings; name = en; path = en.lproj/Localizable.strings; sourceTree = "<group>"; };
		03B832F328DC891200C8AE3E /* ja */ = {isa = PBXFileReference; lastKnownFileType = text.plist.strings; name = ja; path = ja.lproj/Localizable.strings; sourceTree = "<group>"; };
		03C7E79C28D2F3B10069A46E /* ShareMyDataView.storyboard */ = {isa = PBXFileReference; lastKnownFileType = file.storyboard; path = ShareMyDataView.storyboard; sourceTree = "<group>"; };
		03C7E79E28D2F3BE0069A46E /* ShareMyDataViewController.swift */ = {isa = PBXFileReference; lastKnownFileType = sourcecode.swift; path = ShareMyDataViewController.swift; sourceTree = "<group>"; };
		03C7E7C528D49DB10069A46E /* SanitasView.storyboard */ = {isa = PBXFileReference; lastKnownFileType = file.storyboard; path = SanitasView.storyboard; sourceTree = "<group>"; };
		03DAC3FF28EA7918005F173B /* UIColorHelper.swift */ = {isa = PBXFileReference; lastKnownFileType = sourcecode.swift; path = UIColorHelper.swift; sourceTree = "<group>"; };
		03DAC40128EAD1DD005F173B /* WorkoutData.swift */ = {isa = PBXFileReference; lastKnownFileType = sourcecode.swift; path = WorkoutData.swift; sourceTree = "<group>"; };
		03DAC40428EB2C0D005F173B /* TimeLineViewController.swift */ = {isa = PBXFileReference; lastKnownFileType = sourcecode.swift; path = TimeLineViewController.swift; sourceTree = "<group>"; };
		03DAC40628EB2C21005F173B /* TimeLineView.storyboard */ = {isa = PBXFileReference; lastKnownFileType = file.storyboard; path = TimeLineView.storyboard; sourceTree = "<group>"; };
		03DAC40828EB369D005F173B /* PostData.swift */ = {isa = PBXFileReference; lastKnownFileType = sourcecode.swift; path = PostData.swift; sourceTree = "<group>"; };
		03DAC40C28EC2865005F173B /* TimelinePostCollectionViewCell.swift */ = {isa = PBXFileReference; lastKnownFileType = sourcecode.swift; path = TimelinePostCollectionViewCell.swift; sourceTree = "<group>"; };
		03DAC40D28EC2865005F173B /* TimelinePostCollectionViewCell.xib */ = {isa = PBXFileReference; lastKnownFileType = file.xib; path = TimelinePostCollectionViewCell.xib; sourceTree = "<group>"; };
		03DAC41028EC287D005F173B /* TimeLineViewController+CollectionViewDelegate.swift */ = {isa = PBXFileReference; lastKnownFileType = sourcecode.swift; path = "TimeLineViewController+CollectionViewDelegate.swift"; sourceTree = "<group>"; };
		03DAC41228EC47E3005F173B /* MainTabBarController.swift */ = {isa = PBXFileReference; lastKnownFileType = sourcecode.swift; path = MainTabBarController.swift; sourceTree = "<group>"; };
		03DFB7A228B7A8390019381A /* SetNameViewController.swift */ = {isa = PBXFileReference; lastKnownFileType = sourcecode.swift; path = SetNameViewController.swift; sourceTree = "<group>"; };
		03EEB3402946FEFA00D16ABE /* Onboarding1HostingController.swift */ = {isa = PBXFileReference; lastKnownFileType = sourcecode.swift; path = Onboarding1HostingController.swift; sourceTree = "<group>"; };
		03EEB3422946FF1600D16ABE /* Onboarding1ContentView.swift */ = {isa = PBXFileReference; lastKnownFileType = sourcecode.swift; path = Onboarding1ContentView.swift; sourceTree = "<group>"; };
		03EEB3462946FF5B00D16ABE /* Onboarding1ViewModel.swift */ = {isa = PBXFileReference; lastKnownFileType = sourcecode.swift; path = Onboarding1ViewModel.swift; sourceTree = "<group>"; };
		03EEB34B2947739C00D16ABE /* Onboarding2HostingController.swift */ = {isa = PBXFileReference; lastKnownFileType = sourcecode.swift; path = Onboarding2HostingController.swift; sourceTree = "<group>"; };
		03EEB34D294773A800D16ABE /* Onboarding2ContentView.swift */ = {isa = PBXFileReference; lastKnownFileType = sourcecode.swift; path = Onboarding2ContentView.swift; sourceTree = "<group>"; };
		03EEB34F294773B700D16ABE /* Onboarding2ViewModel.swift */ = {isa = PBXFileReference; lastKnownFileType = sourcecode.swift; path = Onboarding2ViewModel.swift; sourceTree = "<group>"; };
		03EEB3512949CFA900D16ABE /* ProfileHeaderView.swift */ = {isa = PBXFileReference; lastKnownFileType = sourcecode.swift; path = ProfileHeaderView.swift; sourceTree = "<group>"; };
		03EEB3532949D9F500D16ABE /* ProfileCardView.swift */ = {isa = PBXFileReference; lastKnownFileType = sourcecode.swift; path = ProfileCardView.swift; sourceTree = "<group>"; };
		03FB125828CB50BA00AB4F99 /* SettingTableViewCell.swift */ = {isa = PBXFileReference; lastKnownFileType = sourcecode.swift; path = SettingTableViewCell.swift; sourceTree = "<group>"; };
		03FB125928CB50BA00AB4F99 /* SettingTableViewCell.xib */ = {isa = PBXFileReference; lastKnownFileType = file.xib; path = SettingTableViewCell.xib; sourceTree = "<group>"; };
		9C1A86F2289C1FE700BD5EE6 /* F5.6-Regular.otf */ = {isa = PBXFileReference; lastKnownFileType = file; path = "F5.6-Regular.otf"; sourceTree = "<group>"; };
		9C1A900B283506D5004B4100 /* ProfileHostingController.swift */ = {isa = PBXFileReference; lastKnownFileType = sourcecode.swift; path = ProfileHostingController.swift; sourceTree = "<group>"; };
		9C2BE4402885108300431FEC /* FirebaseClient.swift */ = {isa = PBXFileReference; lastKnownFileType = sourcecode.swift; path = FirebaseClient.swift; sourceTree = "<group>"; };
		9C4F1C742859E6F500623C66 /* FriendProfileViewController.swift */ = {isa = PBXFileReference; lastKnownFileType = sourcecode.swift; path = FriendProfileViewController.swift; sourceTree = "<group>"; };
		9C61891728A5F35B00DE6942 /* SelfCheckViewController.swift */ = {isa = PBXFileReference; lastKnownFileType = sourcecode.swift; path = SelfCheckViewController.swift; sourceTree = "<group>"; };
		9C69903E286C6517009D5BF5 /* FriendDataCell.swift */ = {isa = PBXFileReference; lastKnownFileType = sourcecode.swift; path = FriendDataCell.swift; sourceTree = "<group>"; };
		9C69903F286C6517009D5BF5 /* FriendDataCell.xib */ = {isa = PBXFileReference; lastKnownFileType = file.xib; path = FriendDataCell.xib; sourceTree = "<group>"; };
		9C6F344D28A1EDC200E0FAB8 /* ChangeProfileViewController.swift */ = {isa = PBXFileReference; lastKnownFileType = sourcecode.swift; path = ChangeProfileViewController.swift; sourceTree = "<group>"; };
		9CA6E4402883B5DE00AB41AD /* DashBoardFriendDataCell.swift */ = {isa = PBXFileReference; lastKnownFileType = sourcecode.swift; path = DashBoardFriendDataCell.swift; sourceTree = "<group>"; };
		9CA6E4412883B5DE00AB41AD /* DashBoardFriendDataCell.xib */ = {isa = PBXFileReference; lastKnownFileType = file.xib; path = DashBoardFriendDataCell.xib; sourceTree = "<group>"; };
		9CAA88EB26B1918B005517D5 /* EmailSignInViewController.swift */ = {isa = PBXFileReference; lastKnownFileType = sourcecode.swift; path = EmailSignInViewController.swift; sourceTree = "<group>"; };
		9CD49C2628AEAD5E000CDEDF /* NotificationManager.swift */ = {isa = PBXFileReference; lastKnownFileType = sourcecode.swift; path = NotificationManager.swift; sourceTree = "<group>"; };
		9CE63B88288C384100FFE94C /* CoverWindow.swift */ = {isa = PBXFileReference; lastKnownFileType = sourcecode.swift; path = CoverWindow.swift; sourceTree = "<group>"; };
		9CE63B8A288C40EA00FFE94C /* ErrorHelper.swift */ = {isa = PBXFileReference; lastKnownFileType = sourcecode.swift; path = ErrorHelper.swift; sourceTree = "<group>"; };
		9CE63B8C288C548D00FFE94C /* LoginHelper.swift */ = {isa = PBXFileReference; lastKnownFileType = sourcecode.swift; path = LoginHelper.swift; sourceTree = "<group>"; };
		BE2F95D12588CCF5004DC436 /* HealthKit.framework */ = {isa = PBXFileReference; lastKnownFileType = wrapper.framework; name = HealthKit.framework; path = System/Library/Frameworks/HealthKit.framework; sourceTree = SDKROOT; };
		BE2F95D32588CD1A004DC436 /* HealthKitUI.framework */ = {isa = PBXFileReference; lastKnownFileType = wrapper.framework; name = HealthKitUI.framework; path = System/Library/Frameworks/HealthKitUI.framework; sourceTree = SDKROOT; };
		BE7F33782580D07E0027620D /* pppppp.app */ = {isa = PBXFileReference; explicitFileType = wrapper.application; includeInIndex = 0; path = pppppp.app; sourceTree = BUILT_PRODUCTS_DIR; };
		BE7F337B2580D07E0027620D /* AppDelegate.swift */ = {isa = PBXFileReference; lastKnownFileType = sourcecode.swift; path = AppDelegate.swift; sourceTree = "<group>"; };
		BE7F337D2580D07E0027620D /* SceneDelegate.swift */ = {isa = PBXFileReference; lastKnownFileType = sourcecode.swift; path = SceneDelegate.swift; sourceTree = "<group>"; };
		BE7F337F2580D07E0027620D /* SanitasViewController.swift */ = {isa = PBXFileReference; lastKnownFileType = sourcecode.swift; path = SanitasViewController.swift; sourceTree = "<group>"; };
		BE7F33822580D07E0027620D /* Base */ = {isa = PBXFileReference; lastKnownFileType = file.storyboard; name = Base; path = Base.lproj/Main.storyboard; sourceTree = "<group>"; };
		BE7F33842580D0810027620D /* Assets.xcassets */ = {isa = PBXFileReference; lastKnownFileType = folder.assetcatalog; path = Assets.xcassets; sourceTree = "<group>"; };
		BE7F33872580D0810027620D /* Base */ = {isa = PBXFileReference; lastKnownFileType = file.storyboard; name = Base; path = Base.lproj/LaunchScreen.storyboard; sourceTree = "<group>"; };
		BE7F33892580D0810027620D /* Info.plist */ = {isa = PBXFileReference; lastKnownFileType = text.plist.xml; path = Info.plist; sourceTree = "<group>"; };
		BEA64AEC25D3EC040064F184 /* GoogleService-Info.plist */ = {isa = PBXFileReference; fileEncoding = 4; lastKnownFileType = text.plist.xml; path = "GoogleService-Info.plist"; sourceTree = "<group>"; };
/* End PBXFileReference section */

/* Begin PBXFrameworksBuildPhase section */
		BE7F33752580D07E0027620D /* Frameworks */ = {
			isa = PBXFrameworksBuildPhase;
			buildActionMask = 2147483647;
			files = (
				9C7F3C2D289CA2510039BA2E /* FirebaseAnalytics in Frameworks */,
				9C7F3C29289CA22A0039BA2E /* FirebaseFirestoreSwift in Frameworks */,
				BE0BF72725B5C734005646AE /* HealthKit.framework in Frameworks */,
				9CB2AB9A28A116120050562C /* Kingfisher in Frameworks */,
				9C7F3C2B289CA2480039BA2E /* KeychainAccess in Frameworks */,
				03A3F80A2924E8EB004E3CD0 /* Lottie in Frameworks */,
				9C7F3C27289CA2250039BA2E /* FirebaseFirestore in Frameworks */,
				9C7F3C2F289CA3A80039BA2E /* FirebaseStorage in Frameworks */,
				9C7F3C25289CA21F0039BA2E /* FirebaseAuth in Frameworks */,
				BE0BF72825B5C73A005646AE /* HealthKitUI.framework in Frameworks */,
			);
			runOnlyForDeploymentPostprocessing = 0;
		};
/* End PBXFrameworksBuildPhase section */

/* Begin PBXGroup section */
		032843AD28DC9A5A00AB1A5D /* SetNameView */ = {
			isa = PBXGroup;
			children = (
				03DFB7A228B7A8390019381A /* SetNameViewController.swift */,
				0343681C28D806B1000BA656 /* SetNameViewController+UITextFieldDelegate.swift */,
				036F69F528C08C0F0066A7DA /* SetNameView.storyboard */,
			);
			path = SetNameView;
			sourceTree = "<group>";
		};
		032843AE28DC9A7900AB1A5D /* SettingView */ = {
			isa = PBXGroup;
			children = (
				038E26AD28BF4BF1000204A4 /* SettingViewController.swift */,
				03A1E0C228D4C52000B5B9C3 /* SettingViewController+TableViewDelegate.swift */,
				036F69F928C08E7F0066A7DA /* SettingView.storyboard */,
			);
			path = SettingView;
			sourceTree = "<group>";
		};
		032843AF28DC9A9A00AB1A5D /* SettingCell */ = {
			isa = PBXGroup;
			children = (
				03FB125828CB50BA00AB4F99 /* SettingTableViewCell.swift */,
				03FB125928CB50BA00AB4F99 /* SettingTableViewCell.xib */,
			);
			path = SettingCell;
			sourceTree = "<group>";
		};
		032DF36428F2E50300458C20 /* FriendListVIew */ = {
			isa = PBXGroup;
			children = (
				035D29DD28E9F25F00E1BEA4 /* FriendListView */,
				03A45B7128D8A4EA0059B617 /* FriendDataCell */,
			);
			path = FriendListVIew;
			sourceTree = "<group>";
		};
		032DF36528F2EAAE00458C20 /* View */ = {
			isa = PBXGroup;
			children = (
				9C1A900B283506D5004B4100 /* ProfileHostingController.swift */,
				035329CC28EECB9000257768 /* ProfileContentView.swift */,
				03EEB3512949CFA900D16ABE /* ProfileHeaderView.swift */,
				03EEB3532949D9F500D16ABE /* ProfileCardView.swift */,
				032DF35E28F1D0EE00458C20 /* StreakCollectionView.swift */,
				0348CD4A29364117008B4775 /* PointChartsUIView.swift */,
			);
			path = View;
			sourceTree = "<group>";
		};
		032DF36628F2EABB00458C20 /* ViewModel */ = {
			isa = PBXGroup;
			children = (
				032DF35C28F1B7AC00458C20 /* ProfileViewModel.swift */,
			);
			path = ViewModel;
			sourceTree = "<group>";
		};
		032DF36D28F3CE3000458C20 /* View */ = {
			isa = PBXGroup;
			children = (
				033945EF28DF25C100681E9C /* HealthChartsHostingController.swift */,
				035D29D928E98AA400E1BEA4 /* HealthChartsContentView.swift */,
				036E476428DAF73C00EA7BB1 /* StepsChartsUIView.swift */,
				03704A2028E01D78004BE7C3 /* WeightChartsUIView.swift */,
			);
			path = View;
			sourceTree = "<group>";
		};
		032DF36E28F3CE3B00458C20 /* ViewModel */ = {
			isa = PBXGroup;
			children = (
				032DF36B28F3BDDD00458C20 /* HealthChartsViewModel.swift */,
			);
			path = ViewModel;
			sourceTree = "<group>";
		};
		032DF37B28F84F8500458C20 /* FriendRequestView */ = {
			isa = PBXGroup;
			children = (
				032DF38228F8514000458C20 /* View */,
				032DF38328F8514500458C20 /* ViewModel */,
			);
			path = FriendRequestView;
			sourceTree = "<group>";
		};
		032DF38228F8514000458C20 /* View */ = {
			isa = PBXGroup;
			children = (
				032DF37C28F84FAD00458C20 /* FriendRequestViewController.swift */,
				032DF38028F8513000458C20 /* FriendRequestContentView.swift */,
			);
			path = View;
			sourceTree = "<group>";
		};
		032DF38328F8514500458C20 /* ViewModel */ = {
			isa = PBXGroup;
			children = (
				032DF38428F8517900458C20 /* FriendRequestViewModel.swift */,
			);
			path = ViewModel;
			sourceTree = "<group>";
		};
		033BC37928DC7F51008DBC49 /* Resources */ = {
			isa = PBXGroup;
			children = (
				033BC37A28DC7F51008DBC49 /* Generated */,
				03A3F80D2924FD2B004E3CD0 /* sanitas-logo-lottie.json */,
				03A3F81C292E3843004E3CD0 /* sanitas-logo-appear.json */,
				BE7F33842580D0810027620D /* Assets.xcassets */,
				033BC37B28DC7FA9008DBC49 /* Colors.xcassets */,
			);
			path = Resources;
			sourceTree = "<group>";
		};
		033BC37A28DC7F51008DBC49 /* Generated */ = {
			isa = PBXGroup;
			children = (
				032843AB28DC8F8400AB1A5D /* Storyboard Scenes.swift */,
				032843A828DC8E5700AB1A5D /* Assets-Constants.swift */,
				032843A728DC8E5700AB1A5D /* L10n-Constants.swift */,
			);
			path = Generated;
			sourceTree = "<group>";
		};
		033BC37D28DC80D6008DBC49 /* AddFriendView */ = {
			isa = PBXGroup;
			children = (
				0318016A28D4D344004C7002 /* AddFriendViewController.swift */,
				0318016828D4D32A004C7002 /* AddFriendView.storyboard */,
			);
			path = AddFriendView;
			sourceTree = "<group>";
		};
		033BC37E28DC8106008DBC49 /* FriendProfileView */ = {
			isa = PBXGroup;
			children = (
				9C4F1C742859E6F500623C66 /* FriendProfileViewController.swift */,
				036F69FB28C08F1C0066A7DA /* FriendProfileView.storyboard */,
			);
			path = FriendProfileView;
			sourceTree = "<group>";
		};
		033BC37F28DC8125008DBC49 /* ShareMyDataView */ = {
			isa = PBXGroup;
			children = (
				03C7E79E28D2F3BE0069A46E /* ShareMyDataViewController.swift */,
				0343682628D8147D000BA656 /* ShareMyDataViewController+UIImagePickerControllerDelegate.swift */,
				03C7E79C28D2F3B10069A46E /* ShareMyDataView.storyboard */,
			);
			path = ShareMyDataView;
			sourceTree = "<group>";
		};
		033BC38128DC81ED008DBC49 /* UserProfileView */ = {
			isa = PBXGroup;
			children = (
				032DF36528F2EAAE00458C20 /* View */,
				032DF36628F2EABB00458C20 /* ViewModel */,
			);
			path = UserProfileView;
			sourceTree = "<group>";
		};
		033BC38228DC81FF008DBC49 /* RecentActivityCell */ = {
			isa = PBXGroup;
			children = (
				036F69EB28BE8F850066A7DA /* RecentActivitysTableViewCell.swift */,
				036F69EC28BE8F850066A7DA /* RecentActivitysTableViewCell.xib */,
			);
			path = RecentActivityCell;
			sourceTree = "<group>";
		};
		033BC38328DC8212008DBC49 /* SummeryCell */ = {
			isa = PBXGroup;
			children = (
				036F69E228BE1DC70066A7DA /* SummaryCollectionViewCell.swift */,
				036F69E328BE1DC70066A7DA /* SummaryCollectionViewCell.xib */,
			);
			path = SummeryCell;
			sourceTree = "<group>";
		};
		033BC38428DC822F008DBC49 /* DashboardVIew */ = {
			isa = PBXGroup;
			children = (
				036F699128BCFE850066A7DA /* DashboardViewController.swift */,
				03A1E0B628D4C2F300B5B9C3 /* DashboardViewController+CollectionViewDelegate.swift */,
				036F6A0028C092520066A7DA /* DashboardView.storyboard */,
			);
			path = DashboardVIew;
			sourceTree = "<group>";
		};
		033BC38528DC8246008DBC49 /* DashboardFriendDataCell */ = {
			isa = PBXGroup;
			children = (
				9CA6E4402883B5DE00AB41AD /* DashBoardFriendDataCell.swift */,
				9CA6E4412883B5DE00AB41AD /* DashBoardFriendDataCell.xib */,
			);
			path = DashboardFriendDataCell;
			sourceTree = "<group>";
		};
		033BC38628DC8272008DBC49 /* SelfCheckView */ = {
			isa = PBXGroup;
			children = (
				9C61891728A5F35B00DE6942 /* SelfCheckViewController.swift */,
				036F69FD28C0914D0066A7DA /* SelfCheckView.storyboard */,
			);
			path = SelfCheckView;
			sourceTree = "<group>";
		};
		033BC38728DC8283008DBC49 /* RecordExerciseView */ = {
			isa = PBXGroup;
			children = (
				035CE51D28CF1E53001F89BB /* RecordExerciseViewController.swift */,
				0343680D28D756C3000BA656 /* RecordExerciseView+UIPickerDelegate.swift */,
				035CE51F28CF1E61001F89BB /* RecordExerciseView.storyboard */,
			);
			path = RecordExerciseView;
			sourceTree = "<group>";
		};
		033BC38828DC8295008DBC49 /* RecordWeightView */ = {
			isa = PBXGroup;
			children = (
				036E476828DB1A5C00EA7BB1 /* RecordWeightViewController.swift */,
				036E476A28DB1A6E00EA7BB1 /* RecordWeightView.storyboard */,
			);
			path = RecordWeightView;
			sourceTree = "<group>";
		};
		033BC38A28DC8334008DBC49 /* HealthView */ = {
			isa = PBXGroup;
			children = (
				032DF36D28F3CE3000458C20 /* View */,
				032DF36E28F3CE3B00458C20 /* ViewModel */,
			);
			path = HealthView;
			sourceTree = "<group>";
		};
		033BC38B28DC844E008DBC49 /* ChangeProfileView */ = {
			isa = PBXGroup;
			children = (
				9C6F344D28A1EDC200E0FAB8 /* ChangeProfileViewController.swift */,
				03A1E0C028D4C49800B5B9C3 /* ChangeProfileViewController+UIImagePickerControllerDelegate.swift */,
				0343681A28D8063D000BA656 /* ChangeProfileViewController+UITextFieldDelegate.swift */,
				03B832EB28DC84B200C8AE3E /* ChangeProfileView.storyboard */,
			);
			path = ChangeProfileView;
			sourceTree = "<group>";
		};
		034367FC28D60539000BA656 /* OnboardingView */ = {
			isa = PBXGroup;
			children = (
				03EEB33D2946FE7E00D16ABE /* OnboardingView1 */,
				03EEB3482947735800D16ABE /* OnboardingView2 */,
			);
			path = OnboardingView;
			sourceTree = "<group>";
		};
		035D29DD28E9F25F00E1BEA4 /* FriendListView */ = {
			isa = PBXGroup;
			children = (
				035D29E228E9F30200E1BEA4 /* FriendListViewController.swift */,
				035D29E428E9F46D00E1BEA4 /* FriendListViewController+CollectionViewDelegate.swift */,
				035D29E028E9F29200E1BEA4 /* FriendListView.storyboard */,
			);
			path = FriendListView;
			sourceTree = "<group>";
		};
		03670F2728F90499006075DC /* FriendListOfFriendsListView */ = {
			isa = PBXGroup;
			children = (
				03670F2828F904BC006075DC /* View */,
				03670F2928F904C3006075DC /* ViewModel */,
			);
			path = FriendListOfFriendsListView;
			sourceTree = "<group>";
		};
		03670F2828F904BC006075DC /* View */ = {
			isa = PBXGroup;
			children = (
				03670F2A28F90521006075DC /* FriendListOfFriendsListHostingController.swift */,
				03670F2C28F90547006075DC /* FriendListOfFriendsListContentView.swift */,
				03A3F8062924E81F004E3CD0 /* LottieView.swift */,
			);
			path = View;
			sourceTree = "<group>";
		};
		03670F2928F904C3006075DC /* ViewModel */ = {
			isa = PBXGroup;
			children = (
				03670F2E28F9057E006075DC /* FriendListOfFriendsListViewModel.swift */,
			);
			path = ViewModel;
			sourceTree = "<group>";
		};
		036F698228BB92C00066A7DA /* View */ = {
			isa = PBXGroup;
			children = (
				BE7F33812580D07E0027620D /* Main.storyboard */,
				03DAC41228EC47E3005F173B /* MainTabBarController.swift */,
				036F698428BB932D0066A7DA /* DashboardView */,
				036F69FF28C091590066A7DA /* CreatePointView */,
				03DAC40328EB2BF0005F173B /* TimelineView */,
				036F69E828BE60190066A7DA /* ShowUserData */,
				03C7E79B28D2F3810069A46E /* AddFriend */,
				9CFBA12328D4B3CD003EBFB3 /* SettingsView */,
				034367FC28D60539000BA656 /* OnboardingView */,
				036F698528BB93760066A7DA /* AuthView */,
			);
			path = View;
			sourceTree = "<group>";
		};
		036F698428BB932D0066A7DA /* DashboardView */ = {
			isa = PBXGroup;
			children = (
				03A45B6D28D8A43E0059B617 /* SanitasGraphView */,
				03A45B6E28D8A4510059B617 /* SanitasCollectionView */,
			);
			path = DashboardView;
			sourceTree = "<group>";
		};
		036F698528BB93760066A7DA /* AuthView */ = {
			isa = PBXGroup;
			children = (
				03A45B7328D8A5D90059B617 /* SignInWithApple */,
				03A45B7228D8A5C40059B617 /* SignInWithEmail */,
			);
			path = AuthView;
			sourceTree = "<group>";
		};
		036F698628BB93AE0066A7DA /* Manager */ = {
			isa = PBXGroup;
			children = (
				9C2BE4402885108300431FEC /* FirebaseClient.swift */,
				03879DE028E46E7200C1DBA2 /* HealthKit&ScoreringManager.swift */,
				9CD49C2628AEAD5E000CDEDF /* NotificationManager.swift */,
			);
			path = Manager;
			sourceTree = "<group>";
		};
		036F698728BB93DA0066A7DA /* Helper */ = {
			isa = PBXGroup;
			children = (
				9CE63B8A288C40EA00FFE94C /* ErrorHelper.swift */,
				9CE63B8C288C548D00FFE94C /* LoginHelper.swift */,
				9CE63B88288C384100FFE94C /* CoverWindow.swift */,
				03B2A3AE28D849D00018BA26 /* ShowAlertHelper.swift */,
				03DAC3FF28EA7918005F173B /* UIColorHelper.swift */,
				032DF36028F24E7F00458C20 /* DateHelper.swift */,
				032DF36928F30FDA00458C20 /* CGPointHelper.swift */,
				032DF37128F4535D00458C20 /* PointActivityImage.swift */,
				032DF36F28F44F4F00458C20 /* HKWorkoutActivityType.swift */,
				03A3F818292D2B99004E3CD0 /* ViewScreenshot.swift */,
			);
			path = Helper;
			sourceTree = "<group>";
		};
		036F698828BB93F60066A7DA /* Model */ = {
			isa = PBXGroup;
			children = (
				0397BD6D28B5F18600CDFA62 /* UserData.swift */,
				036F697E28B8EACE0066A7DA /* PointData.swift */,
				03DAC40828EB369D005F173B /* PostData.swift */,
				0374653928ED7C9100DB0833 /* PostDispleyData.swift */,
				03DAC40128EAD1DD005F173B /* WorkoutData.swift */,
				03704A2228E022D6004BE7C3 /* ChartsWeightItem.swift */,
				036E476628DAF77200EA7BB1 /* ChartsStepItem.swift */,
				0348CD4C29364135008B4775 /* ChartsPointItem.swift */,
			);
			path = Model;
			sourceTree = "<group>";
		};
		036F69E828BE60190066A7DA /* ShowUserData */ = {
			isa = PBXGroup;
			children = (
				033BC38128DC81ED008DBC49 /* UserProfileView */,
				033BC38A28DC8334008DBC49 /* HealthView */,
				033BC38328DC8212008DBC49 /* SummeryCell */,
				033BC38228DC81FF008DBC49 /* RecentActivityCell */,
				032DF36428F2E50300458C20 /* FriendListVIew */,
				03670F2728F90499006075DC /* FriendListOfFriendsListView */,
			);
			path = ShowUserData;
			sourceTree = "<group>";
		};
		036F69FF28C091590066A7DA /* CreatePointView */ = {
			isa = PBXGroup;
			children = (
				033BC38628DC8272008DBC49 /* SelfCheckView */,
				033BC38728DC8283008DBC49 /* RecordExerciseView */,
				033BC38828DC8295008DBC49 /* RecordWeightView */,
			);
			path = CreatePointView;
			sourceTree = "<group>";
		};
		0374653F28EDA43D00DB0833 /* SetGoalWeightView */ = {
			isa = PBXGroup;
			children = (
				0374653B28EDA3F900DB0833 /* SetGoalWeightViewController.swift */,
				0374653D28EDA42400DB0833 /* SetGoalWeightView.storyboard */,
			);
			path = SetGoalWeightView;
			sourceTree = "<group>";
		};
		03A3F80F2928B595004E3CD0 /* SettingGoalWeightView */ = {
			isa = PBXGroup;
			children = (
				03A3F8142928B6D7004E3CD0 /* View */,
				03A3F8172928B6ED004E3CD0 /* ViewModel */,
			);
			path = SettingGoalWeightView;
			sourceTree = "<group>";
		};
		03A3F8142928B6D7004E3CD0 /* View */ = {
			isa = PBXGroup;
			children = (
				03A3F8122928B6C0004E3CD0 /* SettingGoalWeightHostingController.swift */,
				03A3F8102928B6A8004E3CD0 /* SettingGoalWeightContentView.swift */,
			);
			path = View;
			sourceTree = "<group>";
		};
		03A3F8172928B6ED004E3CD0 /* ViewModel */ = {
			isa = PBXGroup;
			children = (
				03A3F8152928B6EA004E3CD0 /* SettingGoalWeightViewModel.swift */,
			);
			path = ViewModel;
			sourceTree = "<group>";
		};
		03A45B6D28D8A43E0059B617 /* SanitasGraphView */ = {
			isa = PBXGroup;
			children = (
				BE7F337F2580D07E0027620D /* SanitasViewController.swift */,
				036F698B28BB9DAD0066A7DA /* DrawView.swift */,
				03C7E7C528D49DB10069A46E /* SanitasView.storyboard */,
			);
			path = SanitasGraphView;
			sourceTree = "<group>";
		};
		03A45B6E28D8A4510059B617 /* SanitasCollectionView */ = {
			isa = PBXGroup;
			children = (
				033BC38428DC822F008DBC49 /* DashboardVIew */,
				033BC38528DC8246008DBC49 /* DashboardFriendDataCell */,
			);
			path = SanitasCollectionView;
			sourceTree = "<group>";
		};
		03A45B7128D8A4EA0059B617 /* FriendDataCell */ = {
			isa = PBXGroup;
			children = (
				9C69903E286C6517009D5BF5 /* FriendDataCell.swift */,
				9C69903F286C6517009D5BF5 /* FriendDataCell.xib */,
			);
			path = FriendDataCell;
			sourceTree = "<group>";
		};
		03A45B7228D8A5C40059B617 /* SignInWithEmail */ = {
			isa = PBXGroup;
			children = (
				03B832F428DC8BD400C8AE3E /* EmailSignInView */,
				03B832F528DC8BDB00C8AE3E /* ResetPasswordView */,
			);
			path = SignInWithEmail;
			sourceTree = "<group>";
		};
		03A45B7328D8A5D90059B617 /* SignInWithApple */ = {
			isa = PBXGroup;
			children = (
				0343681528D7ED5C000BA656 /* SignInWithAppleViewController.swift */,
				0343681728D7ED68000BA656 /* SignInWithAppleView.storyboard */,
			);
			path = SignInWithApple;
			sourceTree = "<group>";
		};
		03B832F428DC8BD400C8AE3E /* EmailSignInView */ = {
			isa = PBXGroup;
			children = (
				9CAA88EB26B1918B005517D5 /* EmailSignInViewController.swift */,
				0343682228D807C7000BA656 /* EmailSignInViewController+UITextFieldDelegate.swift */,
				036F69F128C089B40066A7DA /* EmailSignInView.storyboard */,
			);
			path = EmailSignInView;
			sourceTree = "<group>";
		};
		03B832F528DC8BDB00C8AE3E /* ResetPasswordView */ = {
			isa = PBXGroup;
			children = (
				036F698028B940270066A7DA /* ResetPasswordViewController.swift */,
				0343681E28D80761000BA656 /* ResetPasswordViewController+UITextFieldDelegate.swift */,
				036F69F328C08B330066A7DA /* ResetPasswordView.storyboard */,
			);
			path = ResetPasswordView;
			sourceTree = "<group>";
		};
		03C7E79B28D2F3810069A46E /* AddFriend */ = {
			isa = PBXGroup;
			children = (
				033BC37D28DC80D6008DBC49 /* AddFriendView */,
				033BC37E28DC8106008DBC49 /* FriendProfileView */,
				033BC37F28DC8125008DBC49 /* ShareMyDataView */,
				032DF37B28F84F8500458C20 /* FriendRequestView */,
			);
			path = AddFriend;
			sourceTree = "<group>";
		};
		03DAC40328EB2BF0005F173B /* TimelineView */ = {
			isa = PBXGroup;
			children = (
				03DAC40A28EC2818005F173B /* TimelineView */,
				03DAC40B28EC282A005F173B /* TimelinePostCell */,
			);
			path = TimelineView;
			sourceTree = "<group>";
		};
		03DAC40A28EC2818005F173B /* TimelineView */ = {
			isa = PBXGroup;
			children = (
				03DAC40428EB2C0D005F173B /* TimeLineViewController.swift */,
				03DAC41028EC287D005F173B /* TimeLineViewController+CollectionViewDelegate.swift */,
				03DAC40628EB2C21005F173B /* TimeLineView.storyboard */,
			);
			path = TimelineView;
			sourceTree = "<group>";
		};
		03DAC40B28EC282A005F173B /* TimelinePostCell */ = {
			isa = PBXGroup;
			children = (
				03DAC40C28EC2865005F173B /* TimelinePostCollectionViewCell.swift */,
				03DAC40D28EC2865005F173B /* TimelinePostCollectionViewCell.xib */,
			);
			path = TimelinePostCell;
			sourceTree = "<group>";
		};
		03EEB33D2946FE7E00D16ABE /* OnboardingView1 */ = {
			isa = PBXGroup;
			children = (
				03EEB3442946FF2700D16ABE /* View */,
				03EEB3452946FF3000D16ABE /* ViewModel */,
			);
			path = OnboardingView1;
			sourceTree = "<group>";
		};
		03EEB3442946FF2700D16ABE /* View */ = {
			isa = PBXGroup;
			children = (
				03EEB3402946FEFA00D16ABE /* Onboarding1HostingController.swift */,
				03EEB3422946FF1600D16ABE /* Onboarding1ContentView.swift */,
			);
			path = View;
			sourceTree = "<group>";
		};
		03EEB3452946FF3000D16ABE /* ViewModel */ = {
			isa = PBXGroup;
			children = (
				03EEB3462946FF5B00D16ABE /* Onboarding1ViewModel.swift */,
			);
			path = ViewModel;
			sourceTree = "<group>";
		};
		03EEB3482947735800D16ABE /* OnboardingView2 */ = {
			isa = PBXGroup;
			children = (
				03EEB34A2947737F00D16ABE /* View */,
				03EEB3492947737300D16ABE /* ViewModel */,
			);
			path = OnboardingView2;
			sourceTree = "<group>";
		};
		03EEB3492947737300D16ABE /* ViewModel */ = {
			isa = PBXGroup;
			children = (
				03EEB34F294773B700D16ABE /* Onboarding2ViewModel.swift */,
			);
			path = ViewModel;
			sourceTree = "<group>";
		};
		03EEB34A2947737F00D16ABE /* View */ = {
			isa = PBXGroup;
			children = (
				03EEB34B2947739C00D16ABE /* Onboarding2HostingController.swift */,
				03EEB34D294773A800D16ABE /* Onboarding2ContentView.swift */,
			);
			path = View;
			sourceTree = "<group>";
		};
		9CFBA12328D4B3CD003EBFB3 /* SettingsView */ = {
			isa = PBXGroup;
			children = (
				032843AD28DC9A5A00AB1A5D /* SetNameView */,
				033BC38B28DC844E008DBC49 /* ChangeProfileView */,
				032843AE28DC9A7900AB1A5D /* SettingView */,
				032843AF28DC9A9A00AB1A5D /* SettingCell */,
				0374653F28EDA43D00DB0833 /* SetGoalWeightView */,
				03A3F80F2928B595004E3CD0 /* SettingGoalWeightView */,
			);
			path = SettingsView;
			sourceTree = "<group>";
		};
		BE2F95D02588CCF5004DC436 /* Frameworks */ = {
			isa = PBXGroup;
			children = (
				BE2F95D32588CD1A004DC436 /* HealthKitUI.framework */,
				BE2F95D12588CCF5004DC436 /* HealthKit.framework */,
			);
			name = Frameworks;
			sourceTree = "<group>";
		};
		BE7F336F2580D07E0027620D = {
			isa = PBXGroup;
			children = (
				BE7F337A2580D07E0027620D /* pppppp */,
				BE7F33792580D07E0027620D /* Products */,
				BE2F95D02588CCF5004DC436 /* Frameworks */,
			);
			sourceTree = "<group>";
		};
		BE7F33792580D07E0027620D /* Products */ = {
			isa = PBXGroup;
			children = (
				BE7F33782580D07E0027620D /* pppppp.app */,
			);
			name = Products;
			sourceTree = "<group>";
		};
		BE7F337A2580D07E0027620D /* pppppp */ = {
			isa = PBXGroup;
			children = (
				033BC37928DC7F51008DBC49 /* Resources */,
				BE7F337B2580D07E0027620D /* AppDelegate.swift */,
				BE7F337D2580D07E0027620D /* SceneDelegate.swift */,
				BE7F33862580D0810027620D /* LaunchScreen.storyboard */,
				036F698228BB92C00066A7DA /* View */,
				036F698828BB93F60066A7DA /* Model */,
				036F698628BB93AE0066A7DA /* Manager */,
				036F698728BB93DA0066A7DA /* Helper */,
				BE7F33892580D0810027620D /* Info.plist */,
				BEA64AEC25D3EC040064F184 /* GoogleService-Info.plist */,
				03670F3028FA9299006075DC /* GoogleService-Info-dev.plist */,
				9C1A86F2289C1FE700BD5EE6 /* F5.6-Regular.otf */,
				03B832F228DC88E400C8AE3E /* Localizable.strings */,
			);
			path = pppppp;
			sourceTree = "<group>";
		};
/* End PBXGroup section */

/* Begin PBXNativeTarget section */
		BE7F33772580D07E0027620D /* pppppp */ = {
			isa = PBXNativeTarget;
			buildConfigurationList = BE7F33A22580D0820027620D /* Build configuration list for PBXNativeTarget "pppppp" */;
			buildPhases = (
				BE7F33742580D07E0027620D /* Sources */,
				BE7F33752580D07E0027620D /* Frameworks */,
				BE7F33762580D07E0027620D /* Resources */,
			);
			buildRules = (
			);
			dependencies = (
			);
			name = pppppp;
			packageProductDependencies = (
				9C7F3C24289CA21F0039BA2E /* FirebaseAuth */,
				9C7F3C26289CA2250039BA2E /* FirebaseFirestore */,
				9C7F3C28289CA22A0039BA2E /* FirebaseFirestoreSwift */,
				9C7F3C2A289CA2480039BA2E /* KeychainAccess */,
				9C7F3C2C289CA2510039BA2E /* FirebaseAnalytics */,
				9C7F3C2E289CA3A80039BA2E /* FirebaseStorage */,
				9CB2AB9928A116120050562C /* Kingfisher */,
				03A3F8092924E8EB004E3CD0 /* Lottie */,
			);
			productName = pppppp;
			productReference = BE7F33782580D07E0027620D /* pppppp.app */;
			productType = "com.apple.product-type.application";
		};
/* End PBXNativeTarget section */

/* Begin PBXProject section */
		BE7F33702580D07E0027620D /* Project object */ = {
			isa = PBXProject;
			attributes = {
				LastSwiftUpdateCheck = 1220;
				LastUpgradeCheck = 1220;
				TargetAttributes = {
					BE7F33772580D07E0027620D = {
						CreatedOnToolsVersion = 12.2;
					};
				};
			};
			buildConfigurationList = BE7F33732580D07E0027620D /* Build configuration list for PBXProject "pppppp" */;
			compatibilityVersion = "Xcode 9.3";
			developmentRegion = en;
			hasScannedForEncodings = 0;
			knownRegions = (
				en,
				Base,
				ja,
			);
			mainGroup = BE7F336F2580D07E0027620D;
			packageReferences = (
				BEA64AEF25D3F1A60064F184 /* XCRemoteSwiftPackageReference "firebase-ios-sdk" */,
				9CAA892926BAA0EE005517D5 /* XCRemoteSwiftPackageReference "KeychainAccess" */,
				9CB2AB9828A116120050562C /* XCRemoteSwiftPackageReference "Kingfisher" */,
				03A3F8082924E8EB004E3CD0 /* XCRemoteSwiftPackageReference "lottie-ios" */,
			);
			productRefGroup = BE7F33792580D07E0027620D /* Products */;
			projectDirPath = "";
			projectRoot = "";
			targets = (
				BE7F33772580D07E0027620D /* pppppp */,
			);
		};
/* End PBXProject section */

/* Begin PBXResourcesBuildPhase section */
		BE7F33762580D07E0027620D /* Resources */ = {
			isa = PBXResourcesBuildPhase;
			buildActionMask = 2147483647;
			files = (
				036F69FA28C08E7F0066A7DA /* SettingView.storyboard in Resources */,
				03C7E79D28D2F3B10069A46E /* ShareMyDataView.storyboard in Resources */,
				036E476B28DB1A6E00EA7BB1 /* RecordWeightView.storyboard in Resources */,
				03DAC40F28EC2865005F173B /* TimelinePostCollectionViewCell.xib in Resources */,
				03FB125B28CB50BA00AB4F99 /* SettingTableViewCell.xib in Resources */,
				03670F3128FA9299006075DC /* GoogleService-Info-dev.plist in Resources */,
				03B832EC28DC84B200C8AE3E /* ChangeProfileView.storyboard in Resources */,
				036F69F428C08B330066A7DA /* ResetPasswordView.storyboard in Resources */,
				036F6A0128C092520066A7DA /* DashboardView.storyboard in Resources */,
				036F69F628C08C0F0066A7DA /* SetNameView.storyboard in Resources */,
				03A3F81D292E3843004E3CD0 /* sanitas-logo-appear.json in Resources */,
				035CE52028CF1E61001F89BB /* RecordExerciseView.storyboard in Resources */,
				9C1A86F3289C209700BD5EE6 /* F5.6-Regular.otf in Resources */,
				BE7F33882580D0810027620D /* LaunchScreen.storyboard in Resources */,
				036F69E528BE1DC70066A7DA /* SummaryCollectionViewCell.xib in Resources */,
				03A3F80E2924FD2B004E3CD0 /* sanitas-logo-lottie.json in Resources */,
				03B832F028DC88E400C8AE3E /* Localizable.strings in Resources */,
				036F69F228C089B40066A7DA /* EmailSignInView.storyboard in Resources */,
				035D29E128E9F29200E1BEA4 /* FriendListView.storyboard in Resources */,
				03DAC40728EB2C21005F173B /* TimeLineView.storyboard in Resources */,
				9C699041286C6517009D5BF5 /* FriendDataCell.xib in Resources */,
				03C7E7C628D49DB10069A46E /* SanitasView.storyboard in Resources */,
				BEA64AED25D3EC040064F184 /* GoogleService-Info.plist in Resources */,
				BE7F33852580D0810027620D /* Assets.xcassets in Resources */,
				036F69FC28C08F1C0066A7DA /* FriendProfileView.storyboard in Resources */,
				0318016928D4D32A004C7002 /* AddFriendView.storyboard in Resources */,
				036F69FE28C0914D0066A7DA /* SelfCheckView.storyboard in Resources */,
				0343681828D7ED68000BA656 /* SignInWithAppleView.storyboard in Resources */,
				036F69EE28BE8F850066A7DA /* RecentActivitysTableViewCell.xib in Resources */,
				033BC37C28DC7FA9008DBC49 /* Colors.xcassets in Resources */,
				9CA6E4432883B5DE00AB41AD /* DashBoardFriendDataCell.xib in Resources */,
				0374653E28EDA42400DB0833 /* SetGoalWeightView.storyboard in Resources */,
				BE7F33832580D07E0027620D /* Main.storyboard in Resources */,
			);
			runOnlyForDeploymentPostprocessing = 0;
		};
/* End PBXResourcesBuildPhase section */

/* Begin PBXSourcesBuildPhase section */
		BE7F33742580D07E0027620D /* Sources */ = {
			isa = PBXSourcesBuildPhase;
			buildActionMask = 2147483647;
			files = (
				032DF38528F8517900458C20 /* FriendRequestViewModel.swift in Sources */,
				036E476928DB1A5C00EA7BB1 /* RecordWeightViewController.swift in Sources */,
				03DAC40E28EC2865005F173B /* TimelinePostCollectionViewCell.swift in Sources */,
				03EEB3412946FEFA00D16ABE /* Onboarding1HostingController.swift in Sources */,
				036F699228BCFE850066A7DA /* DashboardViewController.swift in Sources */,
				035D29E328E9F30200E1BEA4 /* FriendListViewController.swift in Sources */,
				03879DE128E46E7200C1DBA2 /* HealthKit&ScoreringManager.swift in Sources */,
				032DF36C28F3BDDD00458C20 /* HealthChartsViewModel.swift in Sources */,
				9C6F344E28A1EDC200E0FAB8 /* ChangeProfileViewController.swift in Sources */,
				0374653C28EDA3F900DB0833 /* SetGoalWeightViewController.swift in Sources */,
				03A3F8072924E81F004E3CD0 /* LottieView.swift in Sources */,
				03670F2D28F90547006075DC /* FriendListOfFriendsListContentView.swift in Sources */,
				03670F2B28F90521006075DC /* FriendListOfFriendsListHostingController.swift in Sources */,
				032DF36128F24E7F00458C20 /* DateHelper.swift in Sources */,
				036F698C28BB9DAD0066A7DA /* DrawView.swift in Sources */,
				9CE63B89288C384100FFE94C /* CoverWindow.swift in Sources */,
				03DAC41128EC287D005F173B /* TimeLineViewController+CollectionViewDelegate.swift in Sources */,
				032DF37028F44F4F00458C20 /* HKWorkoutActivityType.swift in Sources */,
				035CE51E28CF1E53001F89BB /* RecordExerciseViewController.swift in Sources */,
				9CA6E4422883B5DE00AB41AD /* DashBoardFriendDataCell.swift in Sources */,
				038E26AE28BF4BF1000204A4 /* SettingViewController.swift in Sources */,
				03EEB3432946FF1600D16ABE /* Onboarding1ContentView.swift in Sources */,
				036E476528DAF73C00EA7BB1 /* StepsChartsUIView.swift in Sources */,
				BE7F33802580D07E0027620D /* SanitasViewController.swift in Sources */,
				0343682328D807C7000BA656 /* EmailSignInViewController+UITextFieldDelegate.swift in Sources */,
				032DF37D28F84FAD00458C20 /* FriendRequestViewController.swift in Sources */,
				036F69ED28BE8F850066A7DA /* RecentActivitysTableViewCell.swift in Sources */,
				0348CD4B29364117008B4775 /* PointChartsUIView.swift in Sources */,
				03DAC40528EB2C0D005F173B /* TimeLineViewController.swift in Sources */,
				033945F028DF25C100681E9C /* HealthChartsHostingController.swift in Sources */,
				032DF36A28F30FDA00458C20 /* CGPointHelper.swift in Sources */,
				032DF37228F4535D00458C20 /* PointActivityImage.swift in Sources */,
				03EEB34C2947739C00D16ABE /* Onboarding2HostingController.swift in Sources */,
				0343681D28D806B1000BA656 /* SetNameViewController+UITextFieldDelegate.swift in Sources */,
				035D29DA28E98AA400E1BEA4 /* HealthChartsContentView.swift in Sources */,
				036E476728DAF77200EA7BB1 /* ChartsStepItem.swift in Sources */,
				03FB125A28CB50BA00AB4F99 /* SettingTableViewCell.swift in Sources */,
				032DF38128F8513000458C20 /* FriendRequestContentView.swift in Sources */,
				035329CD28EECB9000257768 /* ProfileContentView.swift in Sources */,
				0343680E28D756C3000BA656 /* RecordExerciseView+UIPickerDelegate.swift in Sources */,
				03EEB3542949D9F500D16ABE /* ProfileCardView.swift in Sources */,
				0318016B28D4D344004C7002 /* AddFriendViewController.swift in Sources */,
				0343681B28D8063D000BA656 /* ChangeProfileViewController+UITextFieldDelegate.swift in Sources */,
				03EEB3522949CFA900D16ABE /* ProfileHeaderView.swift in Sources */,
				03DAC41328EC47E3005F173B /* MainTabBarController.swift in Sources */,
				03704A2328E022D6004BE7C3 /* ChartsWeightItem.swift in Sources */,
				9CE63B8B288C40EA00FFE94C /* ErrorHelper.swift in Sources */,
				0397BD6E28B5F18600CDFA62 /* UserData.swift in Sources */,
				03DAC40928EB369D005F173B /* PostData.swift in Sources */,
				9CE63B8D288C548D00FFE94C /* LoginHelper.swift in Sources */,
				036F69E428BE1DC70066A7DA /* SummaryCollectionViewCell.swift in Sources */,
				9C1A900C283506D5004B4100 /* ProfileHostingController.swift in Sources */,
				03A3F8132928B6C0004E3CD0 /* SettingGoalWeightHostingController.swift in Sources */,
				03DAC40228EAD1DD005F173B /* WorkoutData.swift in Sources */,
				03670F2F28F9057E006075DC /* FriendListOfFriendsListViewModel.swift in Sources */,
				03EEB3472946FF5B00D16ABE /* Onboarding1ViewModel.swift in Sources */,
				0343681F28D80761000BA656 /* ResetPasswordViewController+UITextFieldDelegate.swift in Sources */,
				03A3F819292D2B99004E3CD0 /* ViewScreenshot.swift in Sources */,
				0343682728D8147D000BA656 /* ShareMyDataViewController+UIImagePickerControllerDelegate.swift in Sources */,
				9C699040286C6517009D5BF5 /* FriendDataCell.swift in Sources */,
				9CAA88EC26B1918B005517D5 /* EmailSignInViewController.swift in Sources */,
				9C4F1C752859E6F500623C66 /* FriendProfileViewController.swift in Sources */,
				9C2BE4412885108300431FEC /* FirebaseClient.swift in Sources */,
				03704A2128E01D78004BE7C3 /* WeightChartsUIView.swift in Sources */,
				03EEB350294773B700D16ABE /* Onboarding2ViewModel.swift in Sources */,
				03DAC40028EA7918005F173B /* UIColorHelper.swift in Sources */,
				032843AC28DC8F8400AB1A5D /* Storyboard Scenes.swift in Sources */,
				03A1E0C328D4C52000B5B9C3 /* SettingViewController+TableViewDelegate.swift in Sources */,
				036F698128B940270066A7DA /* ResetPasswordViewController.swift in Sources */,
				03A3F8162928B6EA004E3CD0 /* SettingGoalWeightViewModel.swift in Sources */,
				03DFB7A328B7A8390019381A /* SetNameViewController.swift in Sources */,
				0343681628D7ED5C000BA656 /* SignInWithAppleViewController.swift in Sources */,
				032843AA28DC8E5700AB1A5D /* Assets-Constants.swift in Sources */,
				03A1E0C128D4C49800B5B9C3 /* ChangeProfileViewController+UIImagePickerControllerDelegate.swift in Sources */,
				03C7E79F28D2F3BE0069A46E /* ShareMyDataViewController.swift in Sources */,
				0348CD4D29364135008B4775 /* ChartsPointItem.swift in Sources */,
				032DF35D28F1B7AC00458C20 /* ProfileViewModel.swift in Sources */,
				03EEB34E294773A800D16ABE /* Onboarding2ContentView.swift in Sources */,
				036F697F28B8EACE0066A7DA /* PointData.swift in Sources */,
				032DF35F28F1D0EE00458C20 /* StreakCollectionView.swift in Sources */,
				035D29E528E9F46D00E1BEA4 /* FriendListViewController+CollectionViewDelegate.swift in Sources */,
				9C61891828A5F35B00DE6942 /* SelfCheckViewController.swift in Sources */,
				03B2A3AF28D849D00018BA26 /* ShowAlertHelper.swift in Sources */,
				BE7F337C2580D07E0027620D /* AppDelegate.swift in Sources */,
				0374653A28ED7C9100DB0833 /* PostDispleyData.swift in Sources */,
				BE7F337E2580D07E0027620D /* SceneDelegate.swift in Sources */,
				03A3F8112928B6A8004E3CD0 /* SettingGoalWeightContentView.swift in Sources */,
				032843A928DC8E5700AB1A5D /* L10n-Constants.swift in Sources */,
				03A1E0B728D4C2F300B5B9C3 /* DashboardViewController+CollectionViewDelegate.swift in Sources */,
				9CD49C2728AEAD5E000CDEDF /* NotificationManager.swift in Sources */,
			);
			runOnlyForDeploymentPostprocessing = 0;
		};
/* End PBXSourcesBuildPhase section */

/* Begin PBXVariantGroup section */
		03B832F228DC88E400C8AE3E /* Localizable.strings */ = {
			isa = PBXVariantGroup;
			children = (
				03B832F128DC88E400C8AE3E /* en */,
				03B832F328DC891200C8AE3E /* ja */,
			);
			name = Localizable.strings;
			sourceTree = "<group>";
		};
		BE7F33812580D07E0027620D /* Main.storyboard */ = {
			isa = PBXVariantGroup;
			children = (
				BE7F33822580D07E0027620D /* Base */,
			);
			name = Main.storyboard;
			sourceTree = "<group>";
		};
		BE7F33862580D0810027620D /* LaunchScreen.storyboard */ = {
			isa = PBXVariantGroup;
			children = (
				BE7F33872580D0810027620D /* Base */,
			);
			name = LaunchScreen.storyboard;
			sourceTree = "<group>";
		};
/* End PBXVariantGroup section */

/* Begin XCBuildConfiguration section */
		032DF37328F7176C00458C20 /* Staging */ = {
			isa = XCBuildConfiguration;
			buildSettings = {
				ALWAYS_SEARCH_USER_PATHS = NO;
				BUNDLE_DISPLAY_NAME_SUFFIX = Staging;
				CLANG_ANALYZER_LOCALIZABILITY_NONLOCALIZED = YES;
				CLANG_ANALYZER_NONNULL = YES;
				CLANG_ANALYZER_NUMBER_OBJECT_CONVERSION = YES_AGGRESSIVE;
				CLANG_CXX_LANGUAGE_STANDARD = "gnu++14";
				CLANG_CXX_LIBRARY = "libc++";
				CLANG_ENABLE_MODULES = YES;
				CLANG_ENABLE_OBJC_ARC = YES;
				CLANG_ENABLE_OBJC_WEAK = YES;
				CLANG_WARN_BLOCK_CAPTURE_AUTORELEASING = YES;
				CLANG_WARN_BOOL_CONVERSION = YES;
				CLANG_WARN_COMMA = YES;
				CLANG_WARN_CONSTANT_CONVERSION = YES;
				CLANG_WARN_DEPRECATED_OBJC_IMPLEMENTATIONS = YES;
				CLANG_WARN_DIRECT_OBJC_ISA_USAGE = YES_ERROR;
				CLANG_WARN_DOCUMENTATION_COMMENTS = YES;
				CLANG_WARN_EMPTY_BODY = YES;
				CLANG_WARN_ENUM_CONVERSION = YES;
				CLANG_WARN_INFINITE_RECURSION = YES;
				CLANG_WARN_INT_CONVERSION = YES;
				CLANG_WARN_NON_LITERAL_NULL_CONVERSION = YES;
				CLANG_WARN_OBJC_IMPLICIT_RETAIN_SELF = YES;
				CLANG_WARN_OBJC_LITERAL_CONVERSION = YES;
				CLANG_WARN_OBJC_ROOT_CLASS = YES_ERROR;
				CLANG_WARN_QUOTED_INCLUDE_IN_FRAMEWORK_HEADER = YES;
				CLANG_WARN_RANGE_LOOP_ANALYSIS = YES;
				CLANG_WARN_STRICT_PROTOTYPES = YES;
				CLANG_WARN_SUSPICIOUS_MOVE = YES;
				CLANG_WARN_UNGUARDED_AVAILABILITY = YES_AGGRESSIVE;
				CLANG_WARN_UNREACHABLE_CODE = YES;
				CLANG_WARN__DUPLICATE_METHOD_MATCH = YES;
				COPY_PHASE_STRIP = NO;
				DEBUG_INFORMATION_FORMAT = dwarf;
				ENABLE_STRICT_OBJC_MSGSEND = YES;
				ENABLE_TESTABILITY = YES;
				GCC_C_LANGUAGE_STANDARD = gnu11;
				GCC_DYNAMIC_NO_PIC = NO;
				GCC_NO_COMMON_BLOCKS = YES;
				GCC_OPTIMIZATION_LEVEL = 0;
				GCC_PREPROCESSOR_DEFINITIONS = (
					"DEBUG=1",
					"$(inherited)",
				);
				GCC_WARN_64_TO_32_BIT_CONVERSION = YES;
				GCC_WARN_ABOUT_RETURN_TYPE = YES_ERROR;
				GCC_WARN_UNDECLARED_SELECTOR = YES;
				GCC_WARN_UNINITIALIZED_AUTOS = YES_AGGRESSIVE;
				GCC_WARN_UNUSED_FUNCTION = YES;
				GCC_WARN_UNUSED_VARIABLE = YES;
				IPHONEOS_DEPLOYMENT_TARGET = 16.0;
				MTL_ENABLE_DEBUG_INFO = INCLUDE_SOURCE;
				MTL_FAST_MATH = YES;
				ONLY_ACTIVE_ARCH = YES;
				PRODUCT_NAME = "$(TARGET_NAME)${BUNDLE_DISPLAY_NAME_SUFFIX}";
				SDKROOT = iphoneos;
				SWIFT_ACTIVE_COMPILATION_CONDITIONS = STAGING;
				SWIFT_OPTIMIZATION_LEVEL = "-Onone";
			};
			name = Staging;
		};
		032DF37428F7176C00458C20 /* Staging */ = {
			isa = XCBuildConfiguration;
			buildSettings = {
				ASSETCATALOG_COMPILER_APPICON_NAME = AppIcon;
				ASSETCATALOG_COMPILER_GLOBAL_ACCENT_COLOR_NAME = AccentColor;
				CODE_SIGN_ENTITLEMENTS = pppppp/pppppp.entitlements;
				CODE_SIGN_IDENTITY = "Apple Development";
				CODE_SIGN_STYLE = Automatic;
				DEVELOPMENT_TEAM = 5M57D4KW9D;
				INFOPLIST_FILE = pppppp/Info.plist;
				INFOPLIST_KEY_CFBundleDisplayName = Sanitas;
				IPHONEOS_DEPLOYMENT_TARGET = 15.4;
				LD_RUNPATH_SEARCH_PATHS = (
					"$(inherited)",
					"@executable_path/Frameworks",
				);
				MARKETING_VERSION = 1.0.7;
				PRODUCT_BUNDLE_IDENTIFIER = app.hinata.masuda.pppppp;
				PRODUCT_NAME = "$(TARGET_NAME)";
				PRODUCT_URL_SCHEME = "sanitas-ios-dev";
				PROVISIONING_PROFILE_SPECIFIER = "";
				STRIP_INSTALLED_PRODUCT = YES;
				SWIFT_VERSION = 5.0;
				TARGETED_DEVICE_FAMILY = 1;
			};
			name = Staging;
		};
		BE7F33A02580D0820027620D /* Debug */ = {
			isa = XCBuildConfiguration;
			buildSettings = {
				ALWAYS_SEARCH_USER_PATHS = NO;
				BUNDLE_DISPLAY_NAME_SUFFIX = Debug;
				CLANG_ANALYZER_LOCALIZABILITY_NONLOCALIZED = YES;
				CLANG_ANALYZER_NONNULL = YES;
				CLANG_ANALYZER_NUMBER_OBJECT_CONVERSION = YES_AGGRESSIVE;
				CLANG_CXX_LANGUAGE_STANDARD = "gnu++14";
				CLANG_CXX_LIBRARY = "libc++";
				CLANG_ENABLE_MODULES = YES;
				CLANG_ENABLE_OBJC_ARC = YES;
				CLANG_ENABLE_OBJC_WEAK = YES;
				CLANG_WARN_BLOCK_CAPTURE_AUTORELEASING = YES;
				CLANG_WARN_BOOL_CONVERSION = YES;
				CLANG_WARN_COMMA = YES;
				CLANG_WARN_CONSTANT_CONVERSION = YES;
				CLANG_WARN_DEPRECATED_OBJC_IMPLEMENTATIONS = YES;
				CLANG_WARN_DIRECT_OBJC_ISA_USAGE = YES_ERROR;
				CLANG_WARN_DOCUMENTATION_COMMENTS = YES;
				CLANG_WARN_EMPTY_BODY = YES;
				CLANG_WARN_ENUM_CONVERSION = YES;
				CLANG_WARN_INFINITE_RECURSION = YES;
				CLANG_WARN_INT_CONVERSION = YES;
				CLANG_WARN_NON_LITERAL_NULL_CONVERSION = YES;
				CLANG_WARN_OBJC_IMPLICIT_RETAIN_SELF = YES;
				CLANG_WARN_OBJC_LITERAL_CONVERSION = YES;
				CLANG_WARN_OBJC_ROOT_CLASS = YES_ERROR;
				CLANG_WARN_QUOTED_INCLUDE_IN_FRAMEWORK_HEADER = YES;
				CLANG_WARN_RANGE_LOOP_ANALYSIS = YES;
				CLANG_WARN_STRICT_PROTOTYPES = YES;
				CLANG_WARN_SUSPICIOUS_MOVE = YES;
				CLANG_WARN_UNGUARDED_AVAILABILITY = YES_AGGRESSIVE;
				CLANG_WARN_UNREACHABLE_CODE = YES;
				CLANG_WARN__DUPLICATE_METHOD_MATCH = YES;
				COPY_PHASE_STRIP = NO;
				DEBUG_INFORMATION_FORMAT = dwarf;
				ENABLE_STRICT_OBJC_MSGSEND = YES;
				ENABLE_TESTABILITY = YES;
				GCC_C_LANGUAGE_STANDARD = gnu11;
				GCC_DYNAMIC_NO_PIC = NO;
				GCC_NO_COMMON_BLOCKS = YES;
				GCC_OPTIMIZATION_LEVEL = 0;
				GCC_PREPROCESSOR_DEFINITIONS = (
					"DEBUG=1",
					"$(inherited)",
				);
				GCC_WARN_64_TO_32_BIT_CONVERSION = YES;
				GCC_WARN_ABOUT_RETURN_TYPE = YES_ERROR;
				GCC_WARN_UNDECLARED_SELECTOR = YES;
				GCC_WARN_UNINITIALIZED_AUTOS = YES_AGGRESSIVE;
				GCC_WARN_UNUSED_FUNCTION = YES;
				GCC_WARN_UNUSED_VARIABLE = YES;
				IPHONEOS_DEPLOYMENT_TARGET = 16.0;
				MTL_ENABLE_DEBUG_INFO = INCLUDE_SOURCE;
				MTL_FAST_MATH = YES;
				ONLY_ACTIVE_ARCH = YES;
				PRODUCT_NAME = "$(TARGET_NAME)${BUNDLE_DISPLAY_NAME_SUFFIX}";
				SDKROOT = iphoneos;
				SWIFT_ACTIVE_COMPILATION_CONDITIONS = DEBUG;
				SWIFT_OPTIMIZATION_LEVEL = "-Onone";
			};
			name = Debug;
		};
		BE7F33A12580D0820027620D /* Release */ = {
			isa = XCBuildConfiguration;
			buildSettings = {
				ALWAYS_SEARCH_USER_PATHS = NO;
				BUNDLE_DISPLAY_NAME_SUFFIX = "";
				CLANG_ANALYZER_LOCALIZABILITY_NONLOCALIZED = YES;
				CLANG_ANALYZER_NONNULL = YES;
				CLANG_ANALYZER_NUMBER_OBJECT_CONVERSION = YES_AGGRESSIVE;
				CLANG_CXX_LANGUAGE_STANDARD = "gnu++14";
				CLANG_CXX_LIBRARY = "libc++";
				CLANG_ENABLE_MODULES = YES;
				CLANG_ENABLE_OBJC_ARC = YES;
				CLANG_ENABLE_OBJC_WEAK = YES;
				CLANG_WARN_BLOCK_CAPTURE_AUTORELEASING = YES;
				CLANG_WARN_BOOL_CONVERSION = YES;
				CLANG_WARN_COMMA = YES;
				CLANG_WARN_CONSTANT_CONVERSION = YES;
				CLANG_WARN_DEPRECATED_OBJC_IMPLEMENTATIONS = YES;
				CLANG_WARN_DIRECT_OBJC_ISA_USAGE = YES_ERROR;
				CLANG_WARN_DOCUMENTATION_COMMENTS = YES;
				CLANG_WARN_EMPTY_BODY = YES;
				CLANG_WARN_ENUM_CONVERSION = YES;
				CLANG_WARN_INFINITE_RECURSION = YES;
				CLANG_WARN_INT_CONVERSION = YES;
				CLANG_WARN_NON_LITERAL_NULL_CONVERSION = YES;
				CLANG_WARN_OBJC_IMPLICIT_RETAIN_SELF = YES;
				CLANG_WARN_OBJC_LITERAL_CONVERSION = YES;
				CLANG_WARN_OBJC_ROOT_CLASS = YES_ERROR;
				CLANG_WARN_QUOTED_INCLUDE_IN_FRAMEWORK_HEADER = YES;
				CLANG_WARN_RANGE_LOOP_ANALYSIS = YES;
				CLANG_WARN_STRICT_PROTOTYPES = YES;
				CLANG_WARN_SUSPICIOUS_MOVE = YES;
				CLANG_WARN_UNGUARDED_AVAILABILITY = YES_AGGRESSIVE;
				CLANG_WARN_UNREACHABLE_CODE = YES;
				CLANG_WARN__DUPLICATE_METHOD_MATCH = YES;
				COPY_PHASE_STRIP = NO;
				DEBUG_INFORMATION_FORMAT = "dwarf-with-dsym";
				ENABLE_NS_ASSERTIONS = NO;
				ENABLE_STRICT_OBJC_MSGSEND = YES;
				GCC_C_LANGUAGE_STANDARD = gnu11;
				GCC_NO_COMMON_BLOCKS = YES;
				GCC_WARN_64_TO_32_BIT_CONVERSION = YES;
				GCC_WARN_ABOUT_RETURN_TYPE = YES_ERROR;
				GCC_WARN_UNDECLARED_SELECTOR = YES;
				GCC_WARN_UNINITIALIZED_AUTOS = YES_AGGRESSIVE;
				GCC_WARN_UNUSED_FUNCTION = YES;
				GCC_WARN_UNUSED_VARIABLE = YES;
				IPHONEOS_DEPLOYMENT_TARGET = 16.0;
				MTL_ENABLE_DEBUG_INFO = NO;
				MTL_FAST_MATH = YES;
				PRODUCT_NAME = "$(TARGET_NAME)${BUNDLE_DISPLAY_NAME_SUFFIX}";
				SDKROOT = iphoneos;
				SWIFT_COMPILATION_MODE = wholemodule;
				SWIFT_OPTIMIZATION_LEVEL = "-O";
				VALIDATE_PRODUCT = YES;
			};
			name = Release;
		};
		BE7F33A32580D0820027620D /* Debug */ = {
			isa = XCBuildConfiguration;
			buildSettings = {
				ASSETCATALOG_COMPILER_APPICON_NAME = "AppIcon 1";
				ASSETCATALOG_COMPILER_GLOBAL_ACCENT_COLOR_NAME = AccentColor;
				CODE_SIGN_ENTITLEMENTS = pppppp/pppppp.entitlements;
				CODE_SIGN_IDENTITY = "Apple Development";
				CODE_SIGN_STYLE = Automatic;
				DEVELOPMENT_TEAM = 5M57D4KW9D;
				INFOPLIST_FILE = pppppp/Info.plist;
				INFOPLIST_KEY_CFBundleDisplayName = Sanitas;
				IPHONEOS_DEPLOYMENT_TARGET = 15.4;
				LD_RUNPATH_SEARCH_PATHS = (
					"$(inherited)",
					"@executable_path/Frameworks",
				);
				MARKETING_VERSION = 1.0.7;
				PRODUCT_BUNDLE_IDENTIFIER = app.hinata.masuda.pppppp.dev;
				PRODUCT_NAME = "$(TARGET_NAME)";
				PRODUCT_URL_SCHEME = "sanitas-ios-dev-debug";
				PROVISIONING_PROFILE_SPECIFIER = "";
				STRIP_INSTALLED_PRODUCT = YES;
				SWIFT_VERSION = 5.0;
				TARGETED_DEVICE_FAMILY = 1;
			};
			name = Debug;
		};
		BE7F33A42580D0820027620D /* Release */ = {
			isa = XCBuildConfiguration;
			buildSettings = {
				ASSETCATALOG_COMPILER_APPICON_NAME = AppIcon;
				ASSETCATALOG_COMPILER_GLOBAL_ACCENT_COLOR_NAME = AccentColor;
				CODE_SIGN_ENTITLEMENTS = pppppp/pppppp.entitlements;
				CODE_SIGN_IDENTITY = "Apple Development";
				CODE_SIGN_STYLE = Automatic;
				DEVELOPMENT_TEAM = 5M57D4KW9D;
				INFOPLIST_FILE = pppppp/Info.plist;
				INFOPLIST_KEY_CFBundleDisplayName = Sanitas;
				IPHONEOS_DEPLOYMENT_TARGET = 15.4;
				LD_RUNPATH_SEARCH_PATHS = (
					"$(inherited)",
					"@executable_path/Frameworks",
				);
				MARKETING_VERSION = 1.0.7;
				PRODUCT_BUNDLE_IDENTIFIER = app.hinata.masuda.pppppp;
				PRODUCT_NAME = "$(TARGET_NAME)";
				PRODUCT_URL_SCHEME = "sanitas-ios-dev";
				PROVISIONING_PROFILE_SPECIFIER = "";
				STRIP_INSTALLED_PRODUCT = YES;
				SWIFT_VERSION = 5.0;
				TARGETED_DEVICE_FAMILY = 1;
			};
			name = Release;
		};
/* End XCBuildConfiguration section */

/* Begin XCConfigurationList section */
		BE7F33732580D07E0027620D /* Build configuration list for PBXProject "pppppp" */ = {
			isa = XCConfigurationList;
			buildConfigurations = (
				BE7F33A02580D0820027620D /* Debug */,
				032DF37328F7176C00458C20 /* Staging */,
				BE7F33A12580D0820027620D /* Release */,
			);
			defaultConfigurationIsVisible = 0;
			defaultConfigurationName = Release;
		};
		BE7F33A22580D0820027620D /* Build configuration list for PBXNativeTarget "pppppp" */ = {
			isa = XCConfigurationList;
			buildConfigurations = (
				BE7F33A32580D0820027620D /* Debug */,
				032DF37428F7176C00458C20 /* Staging */,
				BE7F33A42580D0820027620D /* Release */,
			);
			defaultConfigurationIsVisible = 0;
			defaultConfigurationName = Release;
		};
/* End XCConfigurationList section */

/* Begin XCRemoteSwiftPackageReference section */
		03A3F8082924E8EB004E3CD0 /* XCRemoteSwiftPackageReference "lottie-ios" */ = {
			isa = XCRemoteSwiftPackageReference;
			repositoryURL = "https://github.com/airbnb/lottie-ios";
			requirement = {
				kind = upToNextMajorVersion;
				minimumVersion = 3.0.0;
			};
		};
		9CAA892926BAA0EE005517D5 /* XCRemoteSwiftPackageReference "KeychainAccess" */ = {
			isa = XCRemoteSwiftPackageReference;
			repositoryURL = "https://github.com/kishikawakatsumi/KeychainAccess/";
			requirement = {
				kind = upToNextMajorVersion;
				minimumVersion = 4.2.2;
			};
		};
		9CB2AB9828A116120050562C /* XCRemoteSwiftPackageReference "Kingfisher" */ = {
			isa = XCRemoteSwiftPackageReference;
			repositoryURL = "https://github.com/onevcat/Kingfisher.git";
			requirement = {
				kind = upToNextMajorVersion;
				minimumVersion = 7.0.0;
			};
		};
		BEA64AEF25D3F1A60064F184 /* XCRemoteSwiftPackageReference "firebase-ios-sdk" */ = {
			isa = XCRemoteSwiftPackageReference;
			repositoryURL = "https://github.com/firebase/firebase-ios-sdk.git";
			requirement = {
				kind = upToNextMajorVersion;
				minimumVersion = 9.3.0;
			};
		};
/* End XCRemoteSwiftPackageReference section */

/* Begin XCSwiftPackageProductDependency section */
		03A3F8092924E8EB004E3CD0 /* Lottie */ = {
			isa = XCSwiftPackageProductDependency;
			package = 03A3F8082924E8EB004E3CD0 /* XCRemoteSwiftPackageReference "lottie-ios" */;
			productName = Lottie;
		};
		9C7F3C24289CA21F0039BA2E /* FirebaseAuth */ = {
			isa = XCSwiftPackageProductDependency;
			package = BEA64AEF25D3F1A60064F184 /* XCRemoteSwiftPackageReference "firebase-ios-sdk" */;
			productName = FirebaseAuth;
		};
		9C7F3C26289CA2250039BA2E /* FirebaseFirestore */ = {
			isa = XCSwiftPackageProductDependency;
			package = BEA64AEF25D3F1A60064F184 /* XCRemoteSwiftPackageReference "firebase-ios-sdk" */;
			productName = FirebaseFirestore;
		};
		9C7F3C28289CA22A0039BA2E /* FirebaseFirestoreSwift */ = {
			isa = XCSwiftPackageProductDependency;
			package = BEA64AEF25D3F1A60064F184 /* XCRemoteSwiftPackageReference "firebase-ios-sdk" */;
			productName = FirebaseFirestoreSwift;
		};
		9C7F3C2A289CA2480039BA2E /* KeychainAccess */ = {
			isa = XCSwiftPackageProductDependency;
			package = 9CAA892926BAA0EE005517D5 /* XCRemoteSwiftPackageReference "KeychainAccess" */;
			productName = KeychainAccess;
		};
		9C7F3C2C289CA2510039BA2E /* FirebaseAnalytics */ = {
			isa = XCSwiftPackageProductDependency;
			package = BEA64AEF25D3F1A60064F184 /* XCRemoteSwiftPackageReference "firebase-ios-sdk" */;
			productName = FirebaseAnalytics;
		};
		9C7F3C2E289CA3A80039BA2E /* FirebaseStorage */ = {
			isa = XCSwiftPackageProductDependency;
			package = BEA64AEF25D3F1A60064F184 /* XCRemoteSwiftPackageReference "firebase-ios-sdk" */;
			productName = FirebaseStorage;
		};
		9CB2AB9928A116120050562C /* Kingfisher */ = {
			isa = XCSwiftPackageProductDependency;
			package = 9CB2AB9828A116120050562C /* XCRemoteSwiftPackageReference "Kingfisher" */;
			productName = Kingfisher;
		};
/* End XCSwiftPackageProductDependency section */
	};
	rootObject = BE7F33702580D07E0027620D /* Project object */;
}
